{
  "object": {
    "pins": [
      {
        "package": "Callable",
        "repositoryURL": "https://github.com/ElevatedUnderdogs/Callable.git",
        "state": {
          "branch": null,
          "revision": "69c49adb78c26c025aca8ef651d2189759c01bdb",
          "version": "1.0.0"
        }
      },
      {
        "package": "QRCodeReader",
        "repositoryURL": "https://github.com/yannickl/QRCodeReader.swift.git",
        "state": {
          "branch": null,
          "revision": "5020b5a47199d8ba80c83a4b4fafd70e9dc9dc7f",
          "version": "10.1.1"
        }
      },
      {
        "package": "TableMVVM",
        "repositoryURL": "https://github.com/ElevatedUnderdogs/TableMVVM.git",
        "state": {
          "branch": null,
          "revision": "b0ae27cf379d3dd403432e36b3e08af116024629",
          "version": "0.1.1"
        }
      }
    ]
  },
  "version": 1
}
