// !$*UTF8*$!
{
	archiveVersion = 1;
	classes = {
	};
	objectVersion = 55;
	objects = {

/* Begin PBXBuildFile section */
		7526AFEC27FA70B0009C5FE8 /* AppDelegate.swift in Sources */ = {isa = PBXBuildFile; fileRef = 7526AFEB27FA70B0009C5FE8 /* AppDelegate.swift */; };
		7526AFEE27FA70B0009C5FE8 /* SceneDelegate.swift in Sources */ = {isa = PBXBuildFile; fileRef = 7526AFED27FA70B0009C5FE8 /* SceneDelegate.swift */; };
		7526AFF027FA70B0009C5FE8 /* ViewController.swift in Sources */ = {isa = PBXBuildFile; fileRef = 7526AFEF27FA70B0009C5FE8 /* ViewController.swift */; };
		7526AFF327FA70B0009C5FE8 /* Main.storyboard in Resources */ = {isa = PBXBuildFile; fileRef = 7526AFF127FA70B0009C5FE8 /* Main.storyboard */; };
		7526AFF527FA70B2009C5FE8 /* Assets.xcassets in Resources */ = {isa = PBXBuildFile; fileRef = 7526AFF427FA70B2009C5FE8 /* Assets.xcassets */; };
		7526AFF827FA70B2009C5FE8 /* LaunchScreen.storyboard in Resources */ = {isa = PBXBuildFile; fileRef = 7526AFF627FA70B2009C5FE8 /* LaunchScreen.storyboard */; };
		7526B00D27FA70B2009C5FE8 /* QRCodeTarotUITests.swift in Sources */ = {isa = PBXBuildFile; fileRef = 7526B00C27FA70B2009C5FE8 /* QRCodeTarotUITests.swift */; };
		7526B00F27FA70B2009C5FE8 /* QRCodeTarotUITestsLaunchTests.swift in Sources */ = {isa = PBXBuildFile; fileRef = 7526B00E27FA70B2009C5FE8 /* QRCodeTarotUITestsLaunchTests.swift */; };
		754FE8D22808B5E20051720E /* SimpleTextCell.swift in Sources */ = {isa = PBXBuildFile; fileRef = 754FE8D12808B5E20051720E /* SimpleTextCell.swift */; };
		754FE8DA2808B8870051720E /* ImageLabel.swift in Sources */ = {isa = PBXBuildFile; fileRef = 754FE8D92808B8870051720E /* ImageLabel.swift */; };
		754FE8DF2808BE600051720E /* ImageLabel.xib in Resources */ = {isa = PBXBuildFile; fileRef = 754FE8DE2808BE600051720E /* ImageLabel.xib */; };
		754FE8E12808BF530051720E /* SimpleTextCell.xib in Resources */ = {isa = PBXBuildFile; fileRef = 754FE8E02808BF530051720E /* SimpleTextCell.xib */; };
		754FE8E32808C00A0051720E /* LabelImage.swift in Sources */ = {isa = PBXBuildFile; fileRef = 754FE8E22808C00A0051720E /* LabelImage.swift */; };
		754FE8E52808C0230051720E /* LabelImage.xib in Resources */ = {isa = PBXBuildFile; fileRef = 754FE8E42808C0230051720E /* LabelImage.xib */; };
		754FE8E82808C1BB0051720E /* ImageContainer.swift in Sources */ = {isa = PBXBuildFile; fileRef = 754FE8E72808C1BB0051720E /* ImageContainer.swift */; };
		754FE8EA2808C1CD0051720E /* ImageContainer.xib in Resources */ = {isa = PBXBuildFile; fileRef = 754FE8E92808C1CD0051720E /* ImageContainer.xib */; };
		756A68D027FD484C00B76CCD /* QRViewControllerTests.swift in Sources */ = {isa = PBXBuildFile; fileRef = 756A68CF27FD484C00B76CCD /* QRViewControllerTests.swift */; };
		756A68D527FE1EBE00B76CCD /* CanAsync.swift in Sources */ = {isa = PBXBuildFile; fileRef = 756A68D427FE1EBE00B76CCD /* CanAsync.swift */; };
		756A69162802571300B76CCD /* BinaryInteger.swift in Sources */ = {isa = PBXBuildFile; fileRef = 756A69152802571300B76CCD /* BinaryInteger.swift */; };
		757EF6612808D736000685FC /* LabelLabel.swift in Sources */ = {isa = PBXBuildFile; fileRef = 757EF6602808D736000685FC /* LabelLabel.swift */; };
		757EF6632808D73E000685FC /* LabelLabel.xib in Resources */ = {isa = PBXBuildFile; fileRef = 757EF6622808D73E000685FC /* LabelLabel.xib */; };
		757EF6682808DFB3000685FC /* TableMVVM in Frameworks */ = {isa = PBXBuildFile; productRef = 757EF6672808DFB3000685FC /* TableMVVM */; };
		757EF66C28090E11000685FC /* UIImage.swift in Sources */ = {isa = PBXBuildFile; fileRef = 757EF66B28090E11000685FC /* UIImage.swift */; };
		757EF66E28091334000685FC /* MenuViewController.swift in Sources */ = {isa = PBXBuildFile; fileRef = 757EF66D28091334000685FC /* MenuViewController.swift */; };
		757EF67028091392000685FC /* UIStoryboard.swift in Sources */ = {isa = PBXBuildFile; fileRef = 757EF66F28091392000685FC /* UIStoryboard.swift */; };
		757EF67228092346000685FC /* MenuViewController.storyboard in Resources */ = {isa = PBXBuildFile; fileRef = 757EF67128092346000685FC /* MenuViewController.storyboard */; };
		757EF67528094177000685FC /* SubMenuViewController.swift in Sources */ = {isa = PBXBuildFile; fileRef = 757EF67428094177000685FC /* SubMenuViewController.swift */; };
		757EF679280941A0000685FC /* SubMenuViewController.storyboard in Resources */ = {isa = PBXBuildFile; fileRef = 757EF678280941A0000685FC /* SubMenuViewController.storyboard */; };
		757EF67C280954CE000685FC /* DetailsViewController.swift in Sources */ = {isa = PBXBuildFile; fileRef = 757EF67B280954CE000685FC /* DetailsViewController.swift */; };
		757EF67E280954E7000685FC /* DetailsViewController.storyboard in Resources */ = {isa = PBXBuildFile; fileRef = 757EF67D280954E7000685FC /* DetailsViewController.storyboard */; };
		757EF68128095AA4000685FC /* DynamicDetailView.swift in Sources */ = {isa = PBXBuildFile; fileRef = 757EF68028095AA4000685FC /* DynamicDetailView.swift */; };
		757EF68328095ABA000685FC /* DynamicDetailView.xib in Resources */ = {isa = PBXBuildFile; fileRef = 757EF68228095ABA000685FC /* DynamicDetailView.xib */; };
		757EF68628097871000685FC /* UINavigationController.swift in Sources */ = {isa = PBXBuildFile; fileRef = 757EF68528097871000685FC /* UINavigationController.swift */; };
		757EF68828097AD1000685FC /* MenuViewController.Row.swift in Sources */ = {isa = PBXBuildFile; fileRef = 757EF68728097AD1000685FC /* MenuViewController.Row.swift */; };
		757EF68A28097AF8000685FC /* SubMenuViewController.TutorialRowType.swift in Sources */ = {isa = PBXBuildFile; fileRef = 757EF68928097AF8000685FC /* SubMenuViewController.TutorialRowType.swift */; };
		758F5FC02808A9AB00B37D60 /* NibView.swift in Sources */ = {isa = PBXBuildFile; fileRef = 758F5FBF2808A9AB00B37D60 /* NibView.swift */; };
		758F5FC22808A9E600B37D60 /* CommonInit.swift in Sources */ = {isa = PBXBuildFile; fileRef = 758F5FC12808A9E600B37D60 /* CommonInit.swift */; };
		758F5FC42808AA4300B37D60 /* UIView.swift in Sources */ = {isa = PBXBuildFile; fileRef = 758F5FC32808AA4300B37D60 /* UIView.swift */; };
		75CA56B927FC9C65006D8D93 /* Collection.swift in Sources */ = {isa = PBXBuildFile; fileRef = 75CA56B827FC9C65006D8D93 /* Collection.swift */; };
		75D0912927FA84EB0037798C /* QRCodeReader in Frameworks */ = {isa = PBXBuildFile; productRef = 75D0912827FA84EB0037798C /* QRCodeReader */; };
		75D0912C27FA9F5F0037798C /* Callable in Frameworks */ = {isa = PBXBuildFile; productRef = 75D0912B27FA9F5F0037798C /* Callable */; };
		75D0912E27FAAAB80037798C /* Card.swift in Sources */ = {isa = PBXBuildFile; fileRef = 75D0912D27FAAAB80037798C /* Card.swift */; };
		75D0913027FAAB080037798C /* DeeplinkPayload.swift in Sources */ = {isa = PBXBuildFile; fileRef = 75D0912F27FAAB080037798C /* DeeplinkPayload.swift */; };
		75D0913227FB76F50037798C /* card_data.json in Resources */ = {isa = PBXBuildFile; fileRef = 75D0913127FB76F50037798C /* card_data.json */; };
		75D0913427FB89140037798C /* Bundle.swift in Sources */ = {isa = PBXBuildFile; fileRef = 75D0913327FB89140037798C /* Bundle.swift */; };
		75D0913627FBD35E0037798C /* CardDetailViewController.swift in Sources */ = {isa = PBXBuildFile; fileRef = 75D0913527FBD35E0037798C /* CardDetailViewController.swift */; };
		75D0913827FBD3BB0037798C /* CardDetailViewController.storyboard in Resources */ = {isa = PBXBuildFile; fileRef = 75D0913727FBD3BB0037798C /* CardDetailViewController.storyboard */; };
		75D0913C27FBD8900037798C /* Data.swift in Sources */ = {isa = PBXBuildFile; fileRef = 75D0913B27FBD8900037798C /* Data.swift */; };
		75D0913E27FBD8A80037798C /* CardKey.swift in Sources */ = {isa = PBXBuildFile; fileRef = 75D0913D27FBD8A80037798C /* CardKey.swift */; };
		75D0914227FBDBA80037798C /* LocalCardsTests.swift in Sources */ = {isa = PBXBuildFile; fileRef = 75D0914127FBDBA80037798C /* LocalCardsTests.swift */; };
		75D0914427FBDE410037798C /* String.swift in Sources */ = {isa = PBXBuildFile; fileRef = 75D0914327FBDE410037798C /* String.swift */; };
/* End PBXBuildFile section */

/* Begin PBXContainerItemProxy section */
		7526AFFF27FA70B2009C5FE8 /* PBXContainerItemProxy */ = {
			isa = PBXContainerItemProxy;
			containerPortal = 7526AFE027FA70B0009C5FE8 /* Project object */;
			proxyType = 1;
			remoteGlobalIDString = 7526AFE727FA70B0009C5FE8;
			remoteInfo = QRCodeTarot;
		};
		7526B00927FA70B2009C5FE8 /* PBXContainerItemProxy */ = {
			isa = PBXContainerItemProxy;
			containerPortal = 7526AFE027FA70B0009C5FE8 /* Project object */;
			proxyType = 1;
			remoteGlobalIDString = 7526AFE727FA70B0009C5FE8;
			remoteInfo = QRCodeTarot;
		};
/* End PBXContainerItemProxy section */

/* Begin PBXFileReference section */
		7526AFE827FA70B0009C5FE8 /* QRCodeTarot.app */ = {isa = PBXFileReference; explicitFileType = wrapper.application; includeInIndex = 0; path = QRCodeTarot.app; sourceTree = BUILT_PRODUCTS_DIR; };
		7526AFEB27FA70B0009C5FE8 /* AppDelegate.swift */ = {isa = PBXFileReference; lastKnownFileType = sourcecode.swift; path = AppDelegate.swift; sourceTree = "<group>"; };
		7526AFED27FA70B0009C5FE8 /* SceneDelegate.swift */ = {isa = PBXFileReference; lastKnownFileType = sourcecode.swift; path = SceneDelegate.swift; sourceTree = "<group>"; };
		7526AFEF27FA70B0009C5FE8 /* ViewController.swift */ = {isa = PBXFileReference; lastKnownFileType = sourcecode.swift; path = ViewController.swift; sourceTree = "<group>"; };
		7526AFF227FA70B0009C5FE8 /* Base */ = {isa = PBXFileReference; lastKnownFileType = file.storyboard; name = Base; path = Base.lproj/Main.storyboard; sourceTree = "<group>"; };
		7526AFF427FA70B2009C5FE8 /* Assets.xcassets */ = {isa = PBXFileReference; lastKnownFileType = folder.assetcatalog; path = Assets.xcassets; sourceTree = "<group>"; };
		7526AFF727FA70B2009C5FE8 /* Base */ = {isa = PBXFileReference; lastKnownFileType = file.storyboard; name = Base; path = Base.lproj/LaunchScreen.storyboard; sourceTree = "<group>"; };
		7526AFF927FA70B2009C5FE8 /* Info.plist */ = {isa = PBXFileReference; lastKnownFileType = text.plist.xml; path = Info.plist; sourceTree = "<group>"; };
		7526AFFE27FA70B2009C5FE8 /* QRCodeTarotTests.xctest */ = {isa = PBXFileReference; explicitFileType = wrapper.cfbundle; includeInIndex = 0; path = QRCodeTarotTests.xctest; sourceTree = BUILT_PRODUCTS_DIR; };
		7526B00827FA70B2009C5FE8 /* QRCodeTarotUITests.xctest */ = {isa = PBXFileReference; explicitFileType = wrapper.cfbundle; includeInIndex = 0; path = QRCodeTarotUITests.xctest; sourceTree = BUILT_PRODUCTS_DIR; };
		7526B00C27FA70B2009C5FE8 /* QRCodeTarotUITests.swift */ = {isa = PBXFileReference; lastKnownFileType = sourcecode.swift; path = QRCodeTarotUITests.swift; sourceTree = "<group>"; };
		7526B00E27FA70B2009C5FE8 /* QRCodeTarotUITestsLaunchTests.swift */ = {isa = PBXFileReference; lastKnownFileType = sourcecode.swift; path = QRCodeTarotUITestsLaunchTests.swift; sourceTree = "<group>"; };
		754FE8D12808B5E20051720E /* SimpleTextCell.swift */ = {isa = PBXFileReference; lastKnownFileType = sourcecode.swift; path = SimpleTextCell.swift; sourceTree = "<group>"; };
		754FE8D92808B8870051720E /* ImageLabel.swift */ = {isa = PBXFileReference; lastKnownFileType = sourcecode.swift; path = ImageLabel.swift; sourceTree = "<group>"; };
		754FE8DE2808BE600051720E /* ImageLabel.xib */ = {isa = PBXFileReference; lastKnownFileType = file.xib; path = ImageLabel.xib; sourceTree = "<group>"; };
		754FE8E02808BF530051720E /* SimpleTextCell.xib */ = {isa = PBXFileReference; lastKnownFileType = file.xib; path = SimpleTextCell.xib; sourceTree = "<group>"; };
		754FE8E22808C00A0051720E /* LabelImage.swift */ = {isa = PBXFileReference; lastKnownFileType = sourcecode.swift; path = LabelImage.swift; sourceTree = "<group>"; };
		754FE8E42808C0230051720E /* LabelImage.xib */ = {isa = PBXFileReference; lastKnownFileType = file.xib; path = LabelImage.xib; sourceTree = "<group>"; };
		754FE8E72808C1BB0051720E /* ImageContainer.swift */ = {isa = PBXFileReference; lastKnownFileType = sourcecode.swift; path = ImageContainer.swift; sourceTree = "<group>"; };
		754FE8E92808C1CD0051720E /* ImageContainer.xib */ = {isa = PBXFileReference; lastKnownFileType = file.xib; path = ImageContainer.xib; sourceTree = "<group>"; };
		756A68CF27FD484C00B76CCD /* QRViewControllerTests.swift */ = {isa = PBXFileReference; lastKnownFileType = sourcecode.swift; path = QRViewControllerTests.swift; sourceTree = "<group>"; };
		756A68D427FE1EBE00B76CCD /* CanAsync.swift */ = {isa = PBXFileReference; lastKnownFileType = sourcecode.swift; path = CanAsync.swift; sourceTree = "<group>"; };
		756A69152802571300B76CCD /* BinaryInteger.swift */ = {isa = PBXFileReference; lastKnownFileType = sourcecode.swift; path = BinaryInteger.swift; sourceTree = "<group>"; };
		757EF6602808D736000685FC /* LabelLabel.swift */ = {isa = PBXFileReference; lastKnownFileType = sourcecode.swift; path = LabelLabel.swift; sourceTree = "<group>"; };
		757EF6622808D73E000685FC /* LabelLabel.xib */ = {isa = PBXFileReference; lastKnownFileType = file.xib; path = LabelLabel.xib; sourceTree = "<group>"; };
		757EF66B28090E11000685FC /* UIImage.swift */ = {isa = PBXFileReference; lastKnownFileType = sourcecode.swift; path = UIImage.swift; sourceTree = "<group>"; };
		757EF66D28091334000685FC /* MenuViewController.swift */ = {isa = PBXFileReference; lastKnownFileType = sourcecode.swift; path = MenuViewController.swift; sourceTree = "<group>"; };
		757EF66F28091392000685FC /* UIStoryboard.swift */ = {isa = PBXFileReference; lastKnownFileType = sourcecode.swift; path = UIStoryboard.swift; sourceTree = "<group>"; };
		757EF67128092346000685FC /* MenuViewController.storyboard */ = {isa = PBXFileReference; lastKnownFileType = file.storyboard; path = MenuViewController.storyboard; sourceTree = "<group>"; };
		757EF67428094177000685FC /* SubMenuViewController.swift */ = {isa = PBXFileReference; lastKnownFileType = sourcecode.swift; path = SubMenuViewController.swift; sourceTree = "<group>"; };
		757EF678280941A0000685FC /* SubMenuViewController.storyboard */ = {isa = PBXFileReference; lastKnownFileType = file.storyboard; path = SubMenuViewController.storyboard; sourceTree = "<group>"; };
		757EF67B280954CE000685FC /* DetailsViewController.swift */ = {isa = PBXFileReference; lastKnownFileType = sourcecode.swift; path = DetailsViewController.swift; sourceTree = "<group>"; };
		757EF67D280954E7000685FC /* DetailsViewController.storyboard */ = {isa = PBXFileReference; lastKnownFileType = file.storyboard; path = DetailsViewController.storyboard; sourceTree = "<group>"; };
		757EF68028095AA4000685FC /* DynamicDetailView.swift */ = {isa = PBXFileReference; lastKnownFileType = sourcecode.swift; path = DynamicDetailView.swift; sourceTree = "<group>"; };
		757EF68228095ABA000685FC /* DynamicDetailView.xib */ = {isa = PBXFileReference; lastKnownFileType = file.xib; path = DynamicDetailView.xib; sourceTree = "<group>"; };
		757EF68528097871000685FC /* UINavigationController.swift */ = {isa = PBXFileReference; lastKnownFileType = sourcecode.swift; path = UINavigationController.swift; sourceTree = "<group>"; };
		757EF68728097AD1000685FC /* MenuViewController.Row.swift */ = {isa = PBXFileReference; lastKnownFileType = sourcecode.swift; path = MenuViewController.Row.swift; sourceTree = "<group>"; };
		757EF68928097AF8000685FC /* SubMenuViewController.TutorialRowType.swift */ = {isa = PBXFileReference; lastKnownFileType = sourcecode.swift; path = SubMenuViewController.TutorialRowType.swift; sourceTree = "<group>"; };
		758F5FBF2808A9AB00B37D60 /* NibView.swift */ = {isa = PBXFileReference; lastKnownFileType = sourcecode.swift; path = NibView.swift; sourceTree = "<group>"; };
		758F5FC12808A9E600B37D60 /* CommonInit.swift */ = {isa = PBXFileReference; lastKnownFileType = sourcecode.swift; path = CommonInit.swift; sourceTree = "<group>"; };
		758F5FC32808AA4300B37D60 /* UIView.swift */ = {isa = PBXFileReference; lastKnownFileType = sourcecode.swift; path = UIView.swift; sourceTree = "<group>"; };
		75CA56B827FC9C65006D8D93 /* Collection.swift */ = {isa = PBXFileReference; lastKnownFileType = sourcecode.swift; path = Collection.swift; sourceTree = "<group>"; };
		75D0912D27FAAAB80037798C /* Card.swift */ = {isa = PBXFileReference; lastKnownFileType = sourcecode.swift; path = Card.swift; sourceTree = "<group>"; };
		75D0912F27FAAB080037798C /* DeeplinkPayload.swift */ = {isa = PBXFileReference; lastKnownFileType = sourcecode.swift; lineEnding = 0; path = DeeplinkPayload.swift; sourceTree = "<group>"; };
		75D0913127FB76F50037798C /* card_data.json */ = {isa = PBXFileReference; fileEncoding = 4; lastKnownFileType = text.json; path = card_data.json; sourceTree = "<group>"; };
		75D0913327FB89140037798C /* Bundle.swift */ = {isa = PBXFileReference; lastKnownFileType = sourcecode.swift; path = Bundle.swift; sourceTree = "<group>"; };
		75D0913527FBD35E0037798C /* CardDetailViewController.swift */ = {isa = PBXFileReference; lastKnownFileType = sourcecode.swift; path = CardDetailViewController.swift; sourceTree = "<group>"; };
		75D0913727FBD3BB0037798C /* CardDetailViewController.storyboard */ = {isa = PBXFileReference; lastKnownFileType = file.storyboard; path = CardDetailViewController.storyboard; sourceTree = "<group>"; };
		75D0913B27FBD8900037798C /* Data.swift */ = {isa = PBXFileReference; lastKnownFileType = sourcecode.swift; path = Data.swift; sourceTree = "<group>"; };
		75D0913D27FBD8A80037798C /* CardKey.swift */ = {isa = PBXFileReference; lastKnownFileType = sourcecode.swift; path = CardKey.swift; sourceTree = "<group>"; };
		75D0914127FBDBA80037798C /* LocalCardsTests.swift */ = {isa = PBXFileReference; lastKnownFileType = sourcecode.swift; path = LocalCardsTests.swift; sourceTree = "<group>"; };
		75D0914327FBDE410037798C /* String.swift */ = {isa = PBXFileReference; lastKnownFileType = sourcecode.swift; path = String.swift; sourceTree = "<group>"; };
/* End PBXFileReference section */

/* Begin PBXFrameworksBuildPhase section */
		7526AFE527FA70B0009C5FE8 /* Frameworks */ = {
			isa = PBXFrameworksBuildPhase;
			buildActionMask = 2147483647;
			files = (
				757EF6682808DFB3000685FC /* TableMVVM in Frameworks */,
				75D0912C27FA9F5F0037798C /* Callable in Frameworks */,
				75D0912927FA84EB0037798C /* QRCodeReader in Frameworks */,
			);
			runOnlyForDeploymentPostprocessing = 0;
		};
		7526AFFB27FA70B2009C5FE8 /* Frameworks */ = {
			isa = PBXFrameworksBuildPhase;
			buildActionMask = 2147483647;
			files = (
			);
			runOnlyForDeploymentPostprocessing = 0;
		};
		7526B00527FA70B2009C5FE8 /* Frameworks */ = {
			isa = PBXFrameworksBuildPhase;
			buildActionMask = 2147483647;
			files = (
			);
			runOnlyForDeploymentPostprocessing = 0;
		};
/* End PBXFrameworksBuildPhase section */

/* Begin PBXGroup section */
		7526AFDF27FA70B0009C5FE8 = {
			isa = PBXGroup;
			children = (
				7526AFEA27FA70B0009C5FE8 /* QRCodeTarot */,
				7526B00127FA70B2009C5FE8 /* QRCodeTarotTests */,
				7526B00B27FA70B2009C5FE8 /* QRCodeTarotUITests */,
				7526AFE927FA70B0009C5FE8 /* Products */,
			);
			sourceTree = "<group>";
		};
		7526AFE927FA70B0009C5FE8 /* Products */ = {
			isa = PBXGroup;
			children = (
				7526AFE827FA70B0009C5FE8 /* QRCodeTarot.app */,
				7526AFFE27FA70B2009C5FE8 /* QRCodeTarotTests.xctest */,
				7526B00827FA70B2009C5FE8 /* QRCodeTarotUITests.xctest */,
			);
			name = Products;
			sourceTree = "<group>";
		};
		7526AFEA27FA70B0009C5FE8 /* QRCodeTarot */ = {
			isa = PBXGroup;
			children = (
				7526AFEB27FA70B0009C5FE8 /* AppDelegate.swift */,
				7526AFED27FA70B0009C5FE8 /* SceneDelegate.swift */,
				756A68D727FE1F4400B76CCD /* ViewControllers */,
				754FE8EB2808C1D10051720E /* ImageContainer */,
				757EF6642808D744000685FC /* LabelLabel */,
				754FE8E62808C0270051720E /* LabelImage */,
				754FE8D82808B8450051720E /* SimpleTextCell */,
				754FE8DD2808B89C0051720E /* ImageLabel */,
				757EF68428095ABF000685FC /* DynamicDetailView */,
				756A68D427FE1EBE00B76CCD /* CanAsync.swift */,
				758F5FBF2808A9AB00B37D60 /* NibView.swift */,
				758F5FC32808AA4300B37D60 /* UIView.swift */,
				758F5FC12808A9E600B37D60 /* CommonInit.swift */,
				75D0912D27FAAAB80037798C /* Card.swift */,
				75D0913D27FBD8A80037798C /* CardKey.swift */,
				75D0912F27FAAB080037798C /* DeeplinkPayload.swift */,
				756A68D627FE1F2F00B76CCD /* Extensions */,
				75D0913127FB76F50037798C /* card_data.json */,
				7526AFF427FA70B2009C5FE8 /* Assets.xcassets */,
				7526AFF627FA70B2009C5FE8 /* LaunchScreen.storyboard */,
				7526AFF927FA70B2009C5FE8 /* Info.plist */,
			);
			path = QRCodeTarot;
			sourceTree = "<group>";
		};
		7526B00127FA70B2009C5FE8 /* QRCodeTarotTests */ = {
			isa = PBXGroup;
			children = (
				75D0914127FBDBA80037798C /* LocalCardsTests.swift */,
				756A68CF27FD484C00B76CCD /* QRViewControllerTests.swift */,
			);
			path = QRCodeTarotTests;
			sourceTree = "<group>";
		};
		7526B00B27FA70B2009C5FE8 /* QRCodeTarotUITests */ = {
			isa = PBXGroup;
			children = (
				7526B00C27FA70B2009C5FE8 /* QRCodeTarotUITests.swift */,
				7526B00E27FA70B2009C5FE8 /* QRCodeTarotUITestsLaunchTests.swift */,
			);
			path = QRCodeTarotUITests;
			sourceTree = "<group>";
		};
		754FE8D82808B8450051720E /* SimpleTextCell */ = {
			isa = PBXGroup;
			children = (
				754FE8D12808B5E20051720E /* SimpleTextCell.swift */,
				754FE8E02808BF530051720E /* SimpleTextCell.xib */,
			);
			path = SimpleTextCell;
			sourceTree = "<group>";
		};
		754FE8DD2808B89C0051720E /* ImageLabel */ = {
			isa = PBXGroup;
			children = (
				754FE8D92808B8870051720E /* ImageLabel.swift */,
				754FE8DE2808BE600051720E /* ImageLabel.xib */,
			);
			path = ImageLabel;
			sourceTree = "<group>";
		};
		754FE8E62808C0270051720E /* LabelImage */ = {
			isa = PBXGroup;
			children = (
				754FE8E22808C00A0051720E /* LabelImage.swift */,
				754FE8E42808C0230051720E /* LabelImage.xib */,
			);
			path = LabelImage;
			sourceTree = "<group>";
		};
		754FE8EB2808C1D10051720E /* ImageContainer */ = {
			isa = PBXGroup;
			children = (
				754FE8E72808C1BB0051720E /* ImageContainer.swift */,
				754FE8E92808C1CD0051720E /* ImageContainer.xib */,
			);
			path = ImageContainer;
			sourceTree = "<group>";
		};
		756A68D127FDF83A00B76CCD /* CardDetailViewController */ = {
			isa = PBXGroup;
			children = (
				75D0913527FBD35E0037798C /* CardDetailViewController.swift */,
				75D0913727FBD3BB0037798C /* CardDetailViewController.storyboard */,
			);
			path = CardDetailViewController;
			sourceTree = "<group>";
		};
		756A68D627FE1F2F00B76CCD /* Extensions */ = {
			isa = PBXGroup;
			children = (
				75D0913327FB89140037798C /* Bundle.swift */,
				75D0913B27FBD8900037798C /* Data.swift */,
				75CA56B827FC9C65006D8D93 /* Collection.swift */,
				75D0914327FBDE410037798C /* String.swift */,
				756A69152802571300B76CCD /* BinaryInteger.swift */,
				757EF66B28090E11000685FC /* UIImage.swift */,
				757EF66F28091392000685FC /* UIStoryboard.swift */,
				757EF68528097871000685FC /* UINavigationController.swift */,
			);
			path = Extensions;
			sourceTree = "<group>";
		};
		756A68D727FE1F4400B76CCD /* ViewControllers */ = {
			isa = PBXGroup;
			children = (
				757EF6652808DEB4000685FC /* ViewController */,
				756A68D127FDF83A00B76CCD /* CardDetailViewController */,
				757EF67328093382000685FC /* MenuViewController */,
				757EF67A280941BE000685FC /* SubMenuViewController */,
				757EF67F280954EE000685FC /* DetailsViewController */,
			);
			path = ViewControllers;
			sourceTree = "<group>";
		};
		757EF6642808D744000685FC /* LabelLabel */ = {
			isa = PBXGroup;
			children = (
				757EF6602808D736000685FC /* LabelLabel.swift */,
				757EF6622808D73E000685FC /* LabelLabel.xib */,
			);
			path = LabelLabel;
			sourceTree = "<group>";
		};
		757EF6652808DEB4000685FC /* ViewController */ = {
			isa = PBXGroup;
			children = (
				7526AFEF27FA70B0009C5FE8 /* ViewController.swift */,
				7526AFF127FA70B0009C5FE8 /* Main.storyboard */,
			);
			path = ViewController;
			sourceTree = "<group>";
		};
		757EF67328093382000685FC /* MenuViewController */ = {
			isa = PBXGroup;
			children = (
				757EF66D28091334000685FC /* MenuViewController.swift */,
				757EF67128092346000685FC /* MenuViewController.storyboard */,
				757EF68728097AD1000685FC /* MenuViewController.Row.swift */,
			);
			path = MenuViewController;
			sourceTree = "<group>";
		};
		757EF67A280941BE000685FC /* SubMenuViewController */ = {
			isa = PBXGroup;
			children = (
				757EF67428094177000685FC /* SubMenuViewController.swift */,
				757EF678280941A0000685FC /* SubMenuViewController.storyboard */,
				757EF68928097AF8000685FC /* SubMenuViewController.TutorialRowType.swift */,
			);
			path = SubMenuViewController;
			sourceTree = "<group>";
		};
		757EF67F280954EE000685FC /* DetailsViewController */ = {
			isa = PBXGroup;
			children = (
				757EF67B280954CE000685FC /* DetailsViewController.swift */,
				757EF67D280954E7000685FC /* DetailsViewController.storyboard */,
			);
			path = DetailsViewController;
			sourceTree = "<group>";
		};
		757EF68428095ABF000685FC /* DynamicDetailView */ = {
			isa = PBXGroup;
			children = (
				757EF68028095AA4000685FC /* DynamicDetailView.swift */,
				757EF68228095ABA000685FC /* DynamicDetailView.xib */,
			);
			path = DynamicDetailView;
			sourceTree = "<group>";
		};
/* End PBXGroup section */

/* Begin PBXNativeTarget section */
		7526AFE727FA70B0009C5FE8 /* QRCodeTarot */ = {
			isa = PBXNativeTarget;
			buildConfigurationList = 7526B01227FA70B2009C5FE8 /* Build configuration list for PBXNativeTarget "QRCodeTarot" */;
			buildPhases = (
				7526AFE427FA70B0009C5FE8 /* Sources */,
				7526AFE527FA70B0009C5FE8 /* Frameworks */,
				7526AFE627FA70B0009C5FE8 /* Resources */,
			);
			buildRules = (
			);
			dependencies = (
			);
			name = QRCodeTarot;
			packageProductDependencies = (
				75D0912827FA84EB0037798C /* QRCodeReader */,
				75D0912B27FA9F5F0037798C /* Callable */,
				757EF6672808DFB3000685FC /* TableMVVM */,
			);
			productName = QRCodeTarot;
			productReference = 7526AFE827FA70B0009C5FE8 /* QRCodeTarot.app */;
			productType = "com.apple.product-type.application";
		};
		7526AFFD27FA70B2009C5FE8 /* QRCodeTarotTests */ = {
			isa = PBXNativeTarget;
			buildConfigurationList = 7526B01527FA70B2009C5FE8 /* Build configuration list for PBXNativeTarget "QRCodeTarotTests" */;
			buildPhases = (
				7526AFFA27FA70B2009C5FE8 /* Sources */,
				7526AFFB27FA70B2009C5FE8 /* Frameworks */,
				7526AFFC27FA70B2009C5FE8 /* Resources */,
			);
			buildRules = (
			);
			dependencies = (
				7526B00027FA70B2009C5FE8 /* PBXTargetDependency */,
			);
			name = QRCodeTarotTests;
			productName = QRCodeTarotTests;
			productReference = 7526AFFE27FA70B2009C5FE8 /* QRCodeTarotTests.xctest */;
			productType = "com.apple.product-type.bundle.unit-test";
		};
		7526B00727FA70B2009C5FE8 /* QRCodeTarotUITests */ = {
			isa = PBXNativeTarget;
			buildConfigurationList = 7526B01827FA70B2009C5FE8 /* Build configuration list for PBXNativeTarget "QRCodeTarotUITests" */;
			buildPhases = (
				7526B00427FA70B2009C5FE8 /* Sources */,
				7526B00527FA70B2009C5FE8 /* Frameworks */,
				7526B00627FA70B2009C5FE8 /* Resources */,
			);
			buildRules = (
			);
			dependencies = (
				7526B00A27FA70B2009C5FE8 /* PBXTargetDependency */,
			);
			name = QRCodeTarotUITests;
			productName = QRCodeTarotUITests;
			productReference = 7526B00827FA70B2009C5FE8 /* QRCodeTarotUITests.xctest */;
			productType = "com.apple.product-type.bundle.ui-testing";
		};
/* End PBXNativeTarget section */

/* Begin PBXProject section */
		7526AFE027FA70B0009C5FE8 /* Project object */ = {
			isa = PBXProject;
			attributes = {
				BuildIndependentTargetsInParallel = 1;
				LastSwiftUpdateCheck = 1320;
				LastUpgradeCheck = 1320;
				TargetAttributes = {
					7526AFE727FA70B0009C5FE8 = {
						CreatedOnToolsVersion = 13.2.1;
					};
					7526AFFD27FA70B2009C5FE8 = {
						CreatedOnToolsVersion = 13.2.1;
						TestTargetID = 7526AFE727FA70B0009C5FE8;
					};
					7526B00727FA70B2009C5FE8 = {
						CreatedOnToolsVersion = 13.2.1;
						TestTargetID = 7526AFE727FA70B0009C5FE8;
					};
				};
			};
			buildConfigurationList = 7526AFE327FA70B0009C5FE8 /* Build configuration list for PBXProject "QRCodeTarot" */;
			compatibilityVersion = "Xcode 13.0";
			developmentRegion = en;
			hasScannedForEncodings = 0;
			knownRegions = (
				en,
				Base,
			);
			mainGroup = 7526AFDF27FA70B0009C5FE8;
			packageReferences = (
				75D0912727FA84EB0037798C /* XCRemoteSwiftPackageReference "QRCodeReader.swift" */,
				75D0912A27FA9F5F0037798C /* XCRemoteSwiftPackageReference "Callable" */,
				757EF6662808DFB3000685FC /* XCRemoteSwiftPackageReference "TableMVVM" */,
			);
			productRefGroup = 7526AFE927FA70B0009C5FE8 /* Products */;
			projectDirPath = "";
			projectRoot = "";
			targets = (
				7526AFE727FA70B0009C5FE8 /* QRCodeTarot */,
				7526AFFD27FA70B2009C5FE8 /* QRCodeTarotTests */,
				7526B00727FA70B2009C5FE8 /* QRCodeTarotUITests */,
			);
		};
/* End PBXProject section */

/* Begin PBXResourcesBuildPhase section */
		7526AFE627FA70B0009C5FE8 /* Resources */ = {
			isa = PBXResourcesBuildPhase;
			buildActionMask = 2147483647;
			files = (
				757EF67E280954E7000685FC /* DetailsViewController.storyboard in Resources */,
				75D0913827FBD3BB0037798C /* CardDetailViewController.storyboard in Resources */,
				754FE8EA2808C1CD0051720E /* ImageContainer.xib in Resources */,
				757EF679280941A0000685FC /* SubMenuViewController.storyboard in Resources */,
				757EF67228092346000685FC /* MenuViewController.storyboard in Resources */,
				7526AFF827FA70B2009C5FE8 /* LaunchScreen.storyboard in Resources */,
				757EF6632808D73E000685FC /* LabelLabel.xib in Resources */,
				754FE8E52808C0230051720E /* LabelImage.xib in Resources */,
				754FE8E12808BF530051720E /* SimpleTextCell.xib in Resources */,
				757EF68328095ABA000685FC /* DynamicDetailView.xib in Resources */,
				754FE8DF2808BE600051720E /* ImageLabel.xib in Resources */,
				75D0913227FB76F50037798C /* card_data.json in Resources */,
				7526AFF527FA70B2009C5FE8 /* Assets.xcassets in Resources */,
				7526AFF327FA70B0009C5FE8 /* Main.storyboard in Resources */,
			);
			runOnlyForDeploymentPostprocessing = 0;
		};
		7526AFFC27FA70B2009C5FE8 /* Resources */ = {
			isa = PBXResourcesBuildPhase;
			buildActionMask = 2147483647;
			files = (
			);
			runOnlyForDeploymentPostprocessing = 0;
		};
		7526B00627FA70B2009C5FE8 /* Resources */ = {
			isa = PBXResourcesBuildPhase;
			buildActionMask = 2147483647;
			files = (
			);
			runOnlyForDeploymentPostprocessing = 0;
		};
/* End PBXResourcesBuildPhase section */

/* Begin PBXSourcesBuildPhase section */
		7526AFE427FA70B0009C5FE8 /* Sources */ = {
			isa = PBXSourcesBuildPhase;
			buildActionMask = 2147483647;
			files = (
				758F5FC42808AA4300B37D60 /* UIView.swift in Sources */,
				757EF66C28090E11000685FC /* UIImage.swift in Sources */,
				757EF68A28097AF8000685FC /* SubMenuViewController.TutorialRowType.swift in Sources */,
				7526AFF027FA70B0009C5FE8 /* ViewController.swift in Sources */,
				754FE8D22808B5E20051720E /* SimpleTextCell.swift in Sources */,
				75D0914427FBDE410037798C /* String.swift in Sources */,
				75D0913E27FBD8A80037798C /* CardKey.swift in Sources */,
				756A69162802571300B76CCD /* BinaryInteger.swift in Sources */,
				75D0913427FB89140037798C /* Bundle.swift in Sources */,
				7526AFEC27FA70B0009C5FE8 /* AppDelegate.swift in Sources */,
				757EF67528094177000685FC /* SubMenuViewController.swift in Sources */,
				758F5FC22808A9E600B37D60 /* CommonInit.swift in Sources */,
				757EF67C280954CE000685FC /* DetailsViewController.swift in Sources */,
				758F5FC02808A9AB00B37D60 /* NibView.swift in Sources */,
				757EF68628097871000685FC /* UINavigationController.swift in Sources */,
				75CA56B927FC9C65006D8D93 /* Collection.swift in Sources */,
				757EF67028091392000685FC /* UIStoryboard.swift in Sources */,
				75D0913027FAAB080037798C /* DeeplinkPayload.swift in Sources */,
				7526AFEE27FA70B0009C5FE8 /* SceneDelegate.swift in Sources */,
				757EF68828097AD1000685FC /* MenuViewController.Row.swift in Sources */,
				75D0912E27FAAAB80037798C /* Card.swift in Sources */,
				754FE8DA2808B8870051720E /* ImageLabel.swift in Sources */,
				756A68D527FE1EBE00B76CCD /* CanAsync.swift in Sources */,
				754FE8E32808C00A0051720E /* LabelImage.swift in Sources */,
				754FE8E82808C1BB0051720E /* ImageContainer.swift in Sources */,
				757EF6612808D736000685FC /* LabelLabel.swift in Sources */,
				75D0913627FBD35E0037798C /* CardDetailViewController.swift in Sources */,
				75D0913C27FBD8900037798C /* Data.swift in Sources */,
				757EF66E28091334000685FC /* MenuViewController.swift in Sources */,
				757EF68128095AA4000685FC /* DynamicDetailView.swift in Sources */,
			);
			runOnlyForDeploymentPostprocessing = 0;
		};
		7526AFFA27FA70B2009C5FE8 /* Sources */ = {
			isa = PBXSourcesBuildPhase;
			buildActionMask = 2147483647;
			files = (
				75D0914227FBDBA80037798C /* LocalCardsTests.swift in Sources */,
				756A68D027FD484C00B76CCD /* QRViewControllerTests.swift in Sources */,
			);
			runOnlyForDeploymentPostprocessing = 0;
		};
		7526B00427FA70B2009C5FE8 /* Sources */ = {
			isa = PBXSourcesBuildPhase;
			buildActionMask = 2147483647;
			files = (
				7526B00D27FA70B2009C5FE8 /* QRCodeTarotUITests.swift in Sources */,
				7526B00F27FA70B2009C5FE8 /* QRCodeTarotUITestsLaunchTests.swift in Sources */,
			);
			runOnlyForDeploymentPostprocessing = 0;
		};
/* End PBXSourcesBuildPhase section */

/* Begin PBXTargetDependency section */
		7526B00027FA70B2009C5FE8 /* PBXTargetDependency */ = {
			isa = PBXTargetDependency;
			target = 7526AFE727FA70B0009C5FE8 /* QRCodeTarot */;
			targetProxy = 7526AFFF27FA70B2009C5FE8 /* PBXContainerItemProxy */;
		};
		7526B00A27FA70B2009C5FE8 /* PBXTargetDependency */ = {
			isa = PBXTargetDependency;
			target = 7526AFE727FA70B0009C5FE8 /* QRCodeTarot */;
			targetProxy = 7526B00927FA70B2009C5FE8 /* PBXContainerItemProxy */;
		};
/* End PBXTargetDependency section */

/* Begin PBXVariantGroup section */
		7526AFF127FA70B0009C5FE8 /* Main.storyboard */ = {
			isa = PBXVariantGroup;
			children = (
				7526AFF227FA70B0009C5FE8 /* Base */,
			);
			name = Main.storyboard;
			sourceTree = "<group>";
		};
		7526AFF627FA70B2009C5FE8 /* LaunchScreen.storyboard */ = {
			isa = PBXVariantGroup;
			children = (
				7526AFF727FA70B2009C5FE8 /* Base */,
			);
			name = LaunchScreen.storyboard;
			sourceTree = "<group>";
		};
/* End PBXVariantGroup section */

/* Begin XCBuildConfiguration section */
		7526B01027FA70B2009C5FE8 /* Debug */ = {
			isa = XCBuildConfiguration;
			buildSettings = {
				ALWAYS_SEARCH_USER_PATHS = NO;
				CLANG_ANALYZER_NONNULL = YES;
				CLANG_ANALYZER_NUMBER_OBJECT_CONVERSION = YES_AGGRESSIVE;
				CLANG_CXX_LANGUAGE_STANDARD = "gnu++17";
				CLANG_CXX_LIBRARY = "libc++";
				CLANG_ENABLE_MODULES = YES;
				CLANG_ENABLE_OBJC_ARC = YES;
				CLANG_ENABLE_OBJC_WEAK = YES;
				CLANG_WARN_BLOCK_CAPTURE_AUTORELEASING = YES;
				CLANG_WARN_BOOL_CONVERSION = YES;
				CLANG_WARN_COMMA = YES;
				CLANG_WARN_CONSTANT_CONVERSION = YES;
				CLANG_WARN_DEPRECATED_OBJC_IMPLEMENTATIONS = YES;
				CLANG_WARN_DIRECT_OBJC_ISA_USAGE = YES_ERROR;
				CLANG_WARN_DOCUMENTATION_COMMENTS = YES;
				CLANG_WARN_EMPTY_BODY = YES;
				CLANG_WARN_ENUM_CONVERSION = YES;
				CLANG_WARN_INFINITE_RECURSION = YES;
				CLANG_WARN_INT_CONVERSION = YES;
				CLANG_WARN_NON_LITERAL_NULL_CONVERSION = YES;
				CLANG_WARN_OBJC_IMPLICIT_RETAIN_SELF = YES;
				CLANG_WARN_OBJC_LITERAL_CONVERSION = YES;
				CLANG_WARN_OBJC_ROOT_CLASS = YES_ERROR;
				CLANG_WARN_QUOTED_INCLUDE_IN_FRAMEWORK_HEADER = YES;
				CLANG_WARN_RANGE_LOOP_ANALYSIS = YES;
				CLANG_WARN_STRICT_PROTOTYPES = YES;
				CLANG_WARN_SUSPICIOUS_MOVE = YES;
				CLANG_WARN_UNGUARDED_AVAILABILITY = YES_AGGRESSIVE;
				CLANG_WARN_UNREACHABLE_CODE = YES;
				CLANG_WARN__DUPLICATE_METHOD_MATCH = YES;
				COPY_PHASE_STRIP = NO;
				DEBUG_INFORMATION_FORMAT = dwarf;
				ENABLE_STRICT_OBJC_MSGSEND = YES;
				ENABLE_TESTABILITY = YES;
				GCC_C_LANGUAGE_STANDARD = gnu11;
				GCC_DYNAMIC_NO_PIC = NO;
				GCC_NO_COMMON_BLOCKS = YES;
				GCC_OPTIMIZATION_LEVEL = 0;
				GCC_PREPROCESSOR_DEFINITIONS = (
					"DEBUG=1",
					"$(inherited)",
				);
				GCC_WARN_64_TO_32_BIT_CONVERSION = YES;
				GCC_WARN_ABOUT_RETURN_TYPE = YES_ERROR;
				GCC_WARN_UNDECLARED_SELECTOR = YES;
				GCC_WARN_UNINITIALIZED_AUTOS = YES_AGGRESSIVE;
				GCC_WARN_UNUSED_FUNCTION = YES;
				GCC_WARN_UNUSED_VARIABLE = YES;
				IPHONEOS_DEPLOYMENT_TARGET = 15.2;
				MTL_ENABLE_DEBUG_INFO = INCLUDE_SOURCE;
				MTL_FAST_MATH = YES;
				ONLY_ACTIVE_ARCH = YES;
				SDKROOT = iphoneos;
				SWIFT_ACTIVE_COMPILATION_CONDITIONS = DEBUG;
				SWIFT_OPTIMIZATION_LEVEL = "-Onone";
			};
			name = Debug;
		};
		7526B01127FA70B2009C5FE8 /* Release */ = {
			isa = XCBuildConfiguration;
			buildSettings = {
				ALWAYS_SEARCH_USER_PATHS = NO;
				CLANG_ANALYZER_NONNULL = YES;
				CLANG_ANALYZER_NUMBER_OBJECT_CONVERSION = YES_AGGRESSIVE;
				CLANG_CXX_LANGUAGE_STANDARD = "gnu++17";
				CLANG_CXX_LIBRARY = "libc++";
				CLANG_ENABLE_MODULES = YES;
				CLANG_ENABLE_OBJC_ARC = YES;
				CLANG_ENABLE_OBJC_WEAK = YES;
				CLANG_WARN_BLOCK_CAPTURE_AUTORELEASING = YES;
				CLANG_WARN_BOOL_CONVERSION = YES;
				CLANG_WARN_COMMA = YES;
				CLANG_WARN_CONSTANT_CONVERSION = YES;
				CLANG_WARN_DEPRECATED_OBJC_IMPLEMENTATIONS = YES;
				CLANG_WARN_DIRECT_OBJC_ISA_USAGE = YES_ERROR;
				CLANG_WARN_DOCUMENTATION_COMMENTS = YES;
				CLANG_WARN_EMPTY_BODY = YES;
				CLANG_WARN_ENUM_CONVERSION = YES;
				CLANG_WARN_INFINITE_RECURSION = YES;
				CLANG_WARN_INT_CONVERSION = YES;
				CLANG_WARN_NON_LITERAL_NULL_CONVERSION = YES;
				CLANG_WARN_OBJC_IMPLICIT_RETAIN_SELF = YES;
				CLANG_WARN_OBJC_LITERAL_CONVERSION = YES;
				CLANG_WARN_OBJC_ROOT_CLASS = YES_ERROR;
				CLANG_WARN_QUOTED_INCLUDE_IN_FRAMEWORK_HEADER = YES;
				CLANG_WARN_RANGE_LOOP_ANALYSIS = YES;
				CLANG_WARN_STRICT_PROTOTYPES = YES;
				CLANG_WARN_SUSPICIOUS_MOVE = YES;
				CLANG_WARN_UNGUARDED_AVAILABILITY = YES_AGGRESSIVE;
				CLANG_WARN_UNREACHABLE_CODE = YES;
				CLANG_WARN__DUPLICATE_METHOD_MATCH = YES;
				COPY_PHASE_STRIP = NO;
				DEBUG_INFORMATION_FORMAT = "dwarf-with-dsym";
				ENABLE_NS_ASSERTIONS = NO;
				ENABLE_STRICT_OBJC_MSGSEND = YES;
				GCC_C_LANGUAGE_STANDARD = gnu11;
				GCC_NO_COMMON_BLOCKS = YES;
				GCC_WARN_64_TO_32_BIT_CONVERSION = YES;
				GCC_WARN_ABOUT_RETURN_TYPE = YES_ERROR;
				GCC_WARN_UNDECLARED_SELECTOR = YES;
				GCC_WARN_UNINITIALIZED_AUTOS = YES_AGGRESSIVE;
				GCC_WARN_UNUSED_FUNCTION = YES;
				GCC_WARN_UNUSED_VARIABLE = YES;
				IPHONEOS_DEPLOYMENT_TARGET = 15.2;
				MTL_ENABLE_DEBUG_INFO = NO;
				MTL_FAST_MATH = YES;
				SDKROOT = iphoneos;
				SWIFT_COMPILATION_MODE = wholemodule;
				SWIFT_OPTIMIZATION_LEVEL = "-O";
				VALIDATE_PRODUCT = YES;
			};
			name = Release;
		};
		7526B01327FA70B2009C5FE8 /* Debug */ = {
			isa = XCBuildConfiguration;
			buildSettings = {
				ASSETCATALOG_COMPILER_APPICON_NAME = AppIcon;
				ASSETCATALOG_COMPILER_GLOBAL_ACCENT_COLOR_NAME = AccentColor;
				CODE_SIGN_STYLE = Automatic;
				CURRENT_PROJECT_VERSION = 1;
				DEVELOPMENT_TEAM = 8L7Z3WU967;
				GENERATE_INFOPLIST_FILE = YES;
				INFOPLIST_FILE = QRCodeTarot/Info.plist;
				INFOPLIST_KEY_UIApplicationSupportsIndirectInputEvents = YES;
				INFOPLIST_KEY_UILaunchStoryboardName = LaunchScreen;
				INFOPLIST_KEY_UIMainStoryboardFile = Main;
				INFOPLIST_KEY_UISupportedInterfaceOrientations_iPad = "UIInterfaceOrientationPortrait UIInterfaceOrientationPortraitUpsideDown UIInterfaceOrientationLandscapeLeft UIInterfaceOrientationLandscapeRight";
				INFOPLIST_KEY_UISupportedInterfaceOrientations_iPhone = "UIInterfaceOrientationPortrait UIInterfaceOrientationLandscapeLeft UIInterfaceOrientationLandscapeRight";
				LD_RUNPATH_SEARCH_PATHS = (
					"$(inherited)",
					"@executable_path/Frameworks",
				);
				MARKETING_VERSION = 1.0;
				PRODUCT_BUNDLE_IDENTIFIER = com.QRCodeTarot;
				PRODUCT_NAME = "$(TARGET_NAME)";
				SWIFT_EMIT_LOC_STRINGS = YES;
				SWIFT_VERSION = 5.0;
				TARGETED_DEVICE_FAMILY = "1,2";
			};
			name = Debug;
		};
		7526B01427FA70B2009C5FE8 /* Release */ = {
			isa = XCBuildConfiguration;
			buildSettings = {
				ASSETCATALOG_COMPILER_APPICON_NAME = AppIcon;
				ASSETCATALOG_COMPILER_GLOBAL_ACCENT_COLOR_NAME = AccentColor;
				CODE_SIGN_STYLE = Automatic;
				CURRENT_PROJECT_VERSION = 1;
				DEVELOPMENT_TEAM = 8L7Z3WU967;
				GENERATE_INFOPLIST_FILE = YES;
				INFOPLIST_FILE = QRCodeTarot/Info.plist;
				INFOPLIST_KEY_UIApplicationSupportsIndirectInputEvents = YES;
				INFOPLIST_KEY_UILaunchStoryboardName = LaunchScreen;
				INFOPLIST_KEY_UIMainStoryboardFile = Main;
				INFOPLIST_KEY_UISupportedInterfaceOrientations_iPad = "UIInterfaceOrientationPortrait UIInterfaceOrientationPortraitUpsideDown UIInterfaceOrientationLandscapeLeft UIInterfaceOrientationLandscapeRight";
				INFOPLIST_KEY_UISupportedInterfaceOrientations_iPhone = "UIInterfaceOrientationPortrait UIInterfaceOrientationLandscapeLeft UIInterfaceOrientationLandscapeRight";
				LD_RUNPATH_SEARCH_PATHS = (
					"$(inherited)",
					"@executable_path/Frameworks",
				);
				MARKETING_VERSION = 1.0;
				PRODUCT_BUNDLE_IDENTIFIER = com.QRCodeTarot;
				PRODUCT_NAME = "$(TARGET_NAME)";
				SWIFT_EMIT_LOC_STRINGS = YES;
				SWIFT_VERSION = 5.0;
				TARGETED_DEVICE_FAMILY = "1,2";
			};
			name = Release;
		};
		7526B01627FA70B2009C5FE8 /* Debug */ = {
			isa = XCBuildConfiguration;
			buildSettings = {
				ALWAYS_EMBED_SWIFT_STANDARD_LIBRARIES = YES;
				BUNDLE_LOADER = "$(TEST_HOST)";
				CODE_SIGN_STYLE = Automatic;
				CURRENT_PROJECT_VERSION = 1;
				DEVELOPMENT_TEAM = 8L7Z3WU967;
				GENERATE_INFOPLIST_FILE = YES;
				IPHONEOS_DEPLOYMENT_TARGET = 15.2;
				MARKETING_VERSION = 1.0;
				PRODUCT_BUNDLE_IDENTIFIER = com.QRCodeTarotTests;
				PRODUCT_NAME = "$(TARGET_NAME)";
				SWIFT_EMIT_LOC_STRINGS = NO;
				SWIFT_VERSION = 5.0;
				TARGETED_DEVICE_FAMILY = "1,2";
				TEST_HOST = "$(BUILT_PRODUCTS_DIR)/QRCodeTarot.app/QRCodeTarot";
			};
			name = Debug;
		};
		7526B01727FA70B2009C5FE8 /* Release */ = {
			isa = XCBuildConfiguration;
			buildSettings = {
				ALWAYS_EMBED_SWIFT_STANDARD_LIBRARIES = YES;
				BUNDLE_LOADER = "$(TEST_HOST)";
				CODE_SIGN_STYLE = Automatic;
				CURRENT_PROJECT_VERSION = 1;
				DEVELOPMENT_TEAM = 8L7Z3WU967;
				GENERATE_INFOPLIST_FILE = YES;
				IPHONEOS_DEPLOYMENT_TARGET = 15.2;
				MARKETING_VERSION = 1.0;
				PRODUCT_BUNDLE_IDENTIFIER = com.QRCodeTarotTests;
				PRODUCT_NAME = "$(TARGET_NAME)";
				SWIFT_EMIT_LOC_STRINGS = NO;
				SWIFT_VERSION = 5.0;
				TARGETED_DEVICE_FAMILY = "1,2";
				TEST_HOST = "$(BUILT_PRODUCTS_DIR)/QRCodeTarot.app/QRCodeTarot";
			};
			name = Release;
		};
		7526B01927FA70B2009C5FE8 /* Debug */ = {
			isa = XCBuildConfiguration;
			buildSettings = {
				ALWAYS_EMBED_SWIFT_STANDARD_LIBRARIES = YES;
				CODE_SIGN_STYLE = Automatic;
				CURRENT_PROJECT_VERSION = 1;
				DEVELOPMENT_TEAM = 8L7Z3WU967;
				GENERATE_INFOPLIST_FILE = YES;
				MARKETING_VERSION = 1.0;
				PRODUCT_BUNDLE_IDENTIFIER = com.QRCodeTarotUITests;
				PRODUCT_NAME = "$(TARGET_NAME)";
				SWIFT_EMIT_LOC_STRINGS = NO;
				SWIFT_VERSION = 5.0;
				TARGETED_DEVICE_FAMILY = "1,2";
				TEST_TARGET_NAME = QRCodeTarot;
			};
			name = Debug;
		};
		7526B01A27FA70B2009C5FE8 /* Release */ = {
			isa = XCBuildConfiguration;
			buildSettings = {
				ALWAYS_EMBED_SWIFT_STANDARD_LIBRARIES = YES;
				CODE_SIGN_STYLE = Automatic;
				CURRENT_PROJECT_VERSION = 1;
				DEVELOPMENT_TEAM = 8L7Z3WU967;
				GENERATE_INFOPLIST_FILE = YES;
				MARKETING_VERSION = 1.0;
				PRODUCT_BUNDLE_IDENTIFIER = com.QRCodeTarotUITests;
				PRODUCT_NAME = "$(TARGET_NAME)";
				SWIFT_EMIT_LOC_STRINGS = NO;
				SWIFT_VERSION = 5.0;
				TARGETED_DEVICE_FAMILY = "1,2";
				TEST_TARGET_NAME = QRCodeTarot;
			};
			name = Release;
		};
/* End XCBuildConfiguration section */

/* Begin XCConfigurationList section */
		7526AFE327FA70B0009C5FE8 /* Build configuration list for PBXProject "QRCodeTarot" */ = {
			isa = XCConfigurationList;
			buildConfigurations = (
				7526B01027FA70B2009C5FE8 /* Debug */,
				7526B01127FA70B2009C5FE8 /* Release */,
			);
			defaultConfigurationIsVisible = 0;
			defaultConfigurationName = Release;
		};
		7526B01227FA70B2009C5FE8 /* Build configuration list for PBXNativeTarget "QRCodeTarot" */ = {
			isa = XCConfigurationList;
			buildConfigurations = (
				7526B01327FA70B2009C5FE8 /* Debug */,
				7526B01427FA70B2009C5FE8 /* Release */,
			);
			defaultConfigurationIsVisible = 0;
			defaultConfigurationName = Release;
		};
		7526B01527FA70B2009C5FE8 /* Build configuration list for PBXNativeTarget "QRCodeTarotTests" */ = {
			isa = XCConfigurationList;
			buildConfigurations = (
				7526B01627FA70B2009C5FE8 /* Debug */,
				7526B01727FA70B2009C5FE8 /* Release */,
			);
			defaultConfigurationIsVisible = 0;
			defaultConfigurationName = Release;
		};
		7526B01827FA70B2009C5FE8 /* Build configuration list for PBXNativeTarget "QRCodeTarotUITests" */ = {
			isa = XCConfigurationList;
			buildConfigurations = (
				7526B01927FA70B2009C5FE8 /* Debug */,
				7526B01A27FA70B2009C5FE8 /* Release */,
			);
			defaultConfigurationIsVisible = 0;
			defaultConfigurationName = Release;
		};
/* End XCConfigurationList section */

/* Begin XCRemoteSwiftPackageReference section */
		757EF6662808DFB3000685FC /* XCRemoteSwiftPackageReference "TableMVVM" */ = {
			isa = XCRemoteSwiftPackageReference;
			repositoryURL = "https://github.com/ElevatedUnderdogs/TableMVVM.git";
			requirement = {
				kind = upToNextMajorVersion;
				minimumVersion = 0.1.0;
			};
		};
		75D0912727FA84EB0037798C /* XCRemoteSwiftPackageReference "QRCodeReader.swift" */ = {
			isa = XCRemoteSwiftPackageReference;
			repositoryURL = "https://github.com/yannickl/QRCodeReader.swift.git";
			requirement = {
				kind = exactVersion;
				version = 10.1.1;
			};
		};
		75D0912A27FA9F5F0037798C /* XCRemoteSwiftPackageReference "Callable" */ = {
			isa = XCRemoteSwiftPackageReference;
			repositoryURL = "https://github.com/ElevatedUnderdogs/Callable.git";
			requirement = {
				kind = upToNextMajorVersion;
				minimumVersion = 1.0.0;
			};
		};
/* End XCRemoteSwiftPackageReference section */

/* Begin XCSwiftPackageProductDependency section */
		757EF6672808DFB3000685FC /* TableMVVM */ = {
			isa = XCSwiftPackageProductDependency;
			package = 757EF6662808DFB3000685FC /* XCRemoteSwiftPackageReference "TableMVVM" */;
			productName = TableMVVM;
		};
		75D0912827FA84EB0037798C /* QRCodeReader */ = {
			isa = XCSwiftPackageProductDependency;
			package = 75D0912727FA84EB0037798C /* XCRemoteSwiftPackageReference "QRCodeReader.swift" */;
			productName = QRCodeReader;
		};
		75D0912B27FA9F5F0037798C /* Callable */ = {
			isa = XCSwiftPackageProductDependency;
			package = 75D0912A27FA9F5F0037798C /* XCRemoteSwiftPackageReference "Callable" */;
			productName = Callable;
		};
/* End XCSwiftPackageProductDependency section */
	};
	rootObject = 7526AFE027FA70B0009C5FE8 /* Project object */;
}
