// !$*UTF8*$!
{
	archiveVersion = 1;
	classes = {
	};
	objectVersion = 55;
	objects = {

/* Begin PBXBuildFile section */
		75194FD8284A5C8F0060175C /* Cards.swift in Sources */ = {isa = PBXBuildFile; fileRef = 75194FD7284A5C8F0060175C /* Cards.swift */; };
		75194FDA284A5CA30060175C /* Suit.swift in Sources */ = {isa = PBXBuildFile; fileRef = 75194FD9284A5CA30060175C /* Suit.swift */; };
		75194FDC284A5CB90060175C /* Importance.swift in Sources */ = {isa = PBXBuildFile; fileRef = 75194FDB284A5CB90060175C /* Importance.swift */; };
		7526AFEC27FA70B0009C5FE8 /* AppDelegate.swift in Sources */ = {isa = PBXBuildFile; fileRef = 7526AFEB27FA70B0009C5FE8 /* AppDelegate.swift */; };
		7526AFEE27FA70B0009C5FE8 /* SceneDelegate.swift in Sources */ = {isa = PBXBuildFile; fileRef = 7526AFED27FA70B0009C5FE8 /* SceneDelegate.swift */; };
		7526AFF027FA70B0009C5FE8 /* QrReaderViewcontroller.swift in Sources */ = {isa = PBXBuildFile; fileRef = 7526AFEF27FA70B0009C5FE8 /* QrReaderViewcontroller.swift */; };
		7526AFF327FA70B0009C5FE8 /* Main.storyboard in Resources */ = {isa = PBXBuildFile; fileRef = 7526AFF127FA70B0009C5FE8 /* Main.storyboard */; };
		7526AFF527FA70B2009C5FE8 /* Assets.xcassets in Resources */ = {isa = PBXBuildFile; fileRef = 7526AFF427FA70B2009C5FE8 /* Assets.xcassets */; };
		7526AFF827FA70B2009C5FE8 /* LaunchScreen.storyboard in Resources */ = {isa = PBXBuildFile; fileRef = 7526AFF627FA70B2009C5FE8 /* LaunchScreen.storyboard */; };
		7526B00D27FA70B2009C5FE8 /* QRCodeTarotUITests.swift in Sources */ = {isa = PBXBuildFile; fileRef = 7526B00C27FA70B2009C5FE8 /* QRCodeTarotUITests.swift */; };
		7526B00F27FA70B2009C5FE8 /* QRCodeTarotUITestsLaunchTests.swift in Sources */ = {isa = PBXBuildFile; fileRef = 7526B00E27FA70B2009C5FE8 /* QRCodeTarotUITestsLaunchTests.swift */; };
		753E4F322834948D0008623F /* CollapsableLabelLabel.ViewModel.swift in Sources */ = {isa = PBXBuildFile; fileRef = 753E4F312834948D0008623F /* CollapsableLabelLabel.ViewModel.swift */; };
		753E4F34283499FB0008623F /* TarotSwitchView.swift in Sources */ = {isa = PBXBuildFile; fileRef = 753E4F33283499FB0008623F /* TarotSwitchView.swift */; };
		753E4F3628349A060008623F /* TarotSwitchView.xib in Resources */ = {isa = PBXBuildFile; fileRef = 753E4F3528349A060008623F /* TarotSwitchView.xib */; };
		753E4F392834AFEB0008623F /* VideoView.swift in Sources */ = {isa = PBXBuildFile; fileRef = 753E4F382834AFEB0008623F /* VideoView.swift */; };
		753E4F3B2834AFF80008623F /* VideoView.xib in Resources */ = {isa = PBXBuildFile; fileRef = 753E4F3A2834AFF80008623F /* VideoView.xib */; };
		753E4FBF2835DB1D0008623F /* TarotSwitchView.ViewModel.swift in Sources */ = {isa = PBXBuildFile; fileRef = 753E4FBE2835DB1D0008623F /* TarotSwitchView.ViewModel.swift */; };
		753E4FC12835DB390008623F /* UIFont.swift in Sources */ = {isa = PBXBuildFile; fileRef = 753E4FC02835DB390008623F /* UIFont.swift */; };
		753E4FC32835DEB80008623F /* UILabel.swift in Sources */ = {isa = PBXBuildFile; fileRef = 753E4FC22835DEB80008623F /* UILabel.swift */; };
		753E4FC62835E6A60008623F /* CommonExtensions in Frameworks */ = {isa = PBXBuildFile; productRef = 753E4FC52835E6A60008623F /* CommonExtensions */; };
		753E4FC92835E6B90008623F /* CommonUIKitExtensions in Frameworks */ = {isa = PBXBuildFile; productRef = 753E4FC82835E6B90008623F /* CommonUIKitExtensions */; };
		753E4FCB28360FCE0008623F /* Array.TutorialStepViewModel.swift in Sources */ = {isa = PBXBuildFile; fileRef = 753E4FCA28360FCE0008623F /* Array.TutorialStepViewModel.swift */; };
		753E4FCD283619860008623F /* UITableView.swift in Sources */ = {isa = PBXBuildFile; fileRef = 753E4FCC283619860008623F /* UITableView.swift */; };
		756A68D027FD484C00B76CCD /* QRViewControllerTests.swift in Sources */ = {isa = PBXBuildFile; fileRef = 756A68CF27FD484C00B76CCD /* QRViewControllerTests.swift */; };
		756A68D527FE1EBE00B76CCD /* CanAsync.swift in Sources */ = {isa = PBXBuildFile; fileRef = 756A68D427FE1EBE00B76CCD /* CanAsync.swift */; };
		756A69162802571300B76CCD /* BinaryInteger.swift in Sources */ = {isa = PBXBuildFile; fileRef = 756A69152802571300B76CCD /* BinaryInteger.swift */; };
		757A807D2822102500700990 /* PictoralKeyToTheTarot.json in Resources */ = {isa = PBXBuildFile; fileRef = 757A807B2822102500700990 /* PictoralKeyToTheTarot.json */; };
		757A807E2822102500700990 /* PictoralKeyToTheTarot.swift in Sources */ = {isa = PBXBuildFile; fileRef = 757A807C2822102500700990 /* PictoralKeyToTheTarot.swift */; };
		757A80822822103600700990 /* OracleOfTheTarot.json in Resources */ = {isa = PBXBuildFile; fileRef = 757A80802822103600700990 /* OracleOfTheTarot.json */; };
		757A80832822103600700990 /* OracleOfTheTarotCards.swift in Sources */ = {isa = PBXBuildFile; fileRef = 757A80812822103600700990 /* OracleOfTheTarotCards.swift */; };
		757A80872822104600700990 /* BookT.json in Resources */ = {isa = PBXBuildFile; fileRef = 757A80852822104500700990 /* BookT.json */; };
		757A80882822104600700990 /* BookTCard.swift in Sources */ = {isa = PBXBuildFile; fileRef = 757A80862822104600700990 /* BookTCard.swift */; };
		757A808B28222EB900700990 /* BackgroundView.swift in Sources */ = {isa = PBXBuildFile; fileRef = 757A808A28222EB900700990 /* BackgroundView.swift */; };
		757A808D28222EC200700990 /* BackgroundView.xib in Resources */ = {isa = PBXBuildFile; fileRef = 757A808C28222EC200700990 /* BackgroundView.xib */; };
		757A80CF282250A700700990 /* ChoiceView.swift in Sources */ = {isa = PBXBuildFile; fileRef = 757A80CE282250A700700990 /* ChoiceView.swift */; };
		757A80D1282250B100700990 /* ChoiceView.xib in Resources */ = {isa = PBXBuildFile; fileRef = 757A80D0282250B100700990 /* ChoiceView.xib */; };
		757A80D42822620F00700990 /* LocalImageTests.swift in Sources */ = {isa = PBXBuildFile; fileRef = 757A80D32822620F00700990 /* LocalImageTests.swift */; };
		757A80D7282264F200700990 /* UIColor.swift in Sources */ = {isa = PBXBuildFile; fileRef = 757A80D6282264F200700990 /* UIColor.swift */; };
		757A80DB282268D000700990 /* ChoiceView.ViewModel.swift in Sources */ = {isa = PBXBuildFile; fileRef = 757A80DA282268D000700990 /* ChoiceView.ViewModel.swift */; };
		757A80DF282398FF00700990 /* ViewModelCollectionViewCell.swift in Sources */ = {isa = PBXBuildFile; fileRef = 757A80DE282398FF00700990 /* ViewModelCollectionViewCell.swift */; };
		757A80E32823ACBC00700990 /* UICollectionViewFlowLayout.swift in Sources */ = {isa = PBXBuildFile; fileRef = 757A80E22823ACBC00700990 /* UICollectionViewFlowLayout.swift */; };
		757A80E52823ACE300700990 /* UICollectionViewLayout.swift in Sources */ = {isa = PBXBuildFile; fileRef = 757A80E42823ACE300700990 /* UICollectionViewLayout.swift */; };
		757A80E72823ACFB00700990 /* CGFloat.swift in Sources */ = {isa = PBXBuildFile; fileRef = 757A80E62823ACFB00700990 /* CGFloat.swift */; };
		757A80EB2823B2FD00700990 /* UICollectionView.swift in Sources */ = {isa = PBXBuildFile; fileRef = 757A80EA2823B2FD00700990 /* UICollectionView.swift */; };
		757A80FA28250A7200700990 /* OFL.txt in Resources */ = {isa = PBXBuildFile; fileRef = 757A80ED28250A7000700990 /* OFL.txt */; };
		757A80FB28250A7200700990 /* Inter-Bold.ttf in Resources */ = {isa = PBXBuildFile; fileRef = 757A80EE28250A7000700990 /* Inter-Bold.ttf */; };
		757A80FC28250A7200700990 /* Inter-ExtraLight.ttf in Resources */ = {isa = PBXBuildFile; fileRef = 757A80EF28250A7100700990 /* Inter-ExtraLight.ttf */; };
		757A80FD28250A7200700990 /* Inter-Regular.ttf in Resources */ = {isa = PBXBuildFile; fileRef = 757A80F028250A7100700990 /* Inter-Regular.ttf */; };
		757A80FE28250A7200700990 /* Inter-Thin.ttf in Resources */ = {isa = PBXBuildFile; fileRef = 757A80F128250A7100700990 /* Inter-Thin.ttf */; };
		757A80FF28250A7200700990 /* static in Resources */ = {isa = PBXBuildFile; fileRef = 757A80F228250A7100700990 /* static */; };
		757A810028250A7200700990 /* Inter-Light.ttf in Resources */ = {isa = PBXBuildFile; fileRef = 757A80F328250A7100700990 /* Inter-Light.ttf */; };
		757A810128250A7200700990 /* Inter-Black.ttf in Resources */ = {isa = PBXBuildFile; fileRef = 757A80F428250A7100700990 /* Inter-Black.ttf */; };
		757A810228250A7200700990 /* Inter-ExtraBold.ttf in Resources */ = {isa = PBXBuildFile; fileRef = 757A80F528250A7100700990 /* Inter-ExtraBold.ttf */; };
		757A810328250A7200700990 /* README.txt in Resources */ = {isa = PBXBuildFile; fileRef = 757A80F628250A7200700990 /* README.txt */; };
		757A810428250A7200700990 /* Inter-SemiBold.ttf in Resources */ = {isa = PBXBuildFile; fileRef = 757A80F728250A7200700990 /* Inter-SemiBold.ttf */; };
		757A810528250A7200700990 /* Inter-Medium.ttf in Resources */ = {isa = PBXBuildFile; fileRef = 757A80F828250A7200700990 /* Inter-Medium.ttf */; };
		757A810628250A7200700990 /* Inter-VariableFont_slnt,wght.ttf in Resources */ = {isa = PBXBuildFile; fileRef = 757A80F928250A7200700990 /* Inter-VariableFont_slnt,wght.ttf */; };
		757A810B28250E9000700990 /* Date.swift in Sources */ = {isa = PBXBuildFile; fileRef = 757A810A28250E9000700990 /* Date.swift */; };
		757A810D28250FB600700990 /* Int.swift in Sources */ = {isa = PBXBuildFile; fileRef = 757A810C28250FB600700990 /* Int.swift */; };
		757A81112825C33B00700990 /* SubMenuChoice.swift in Sources */ = {isa = PBXBuildFile; fileRef = 757A81102825C33B00700990 /* SubMenuChoice.swift */; };
		757A81132825C35000700990 /* SubMenuChoice.xib in Resources */ = {isa = PBXBuildFile; fileRef = 757A81122825C35000700990 /* SubMenuChoice.xib */; };
		757A81A8282A338D00700990 /* GradientView.swift in Sources */ = {isa = PBXBuildFile; fileRef = 757A81A7282A338D00700990 /* GradientView.swift */; };
		757A81AD282A3EFE00700990 /* ImageLabelNoBorder.swift in Sources */ = {isa = PBXBuildFile; fileRef = 757A81AC282A3EFE00700990 /* ImageLabelNoBorder.swift */; };
		757A81AF282A3F0700700990 /* ImageLabelNoBorder.xib in Resources */ = {isa = PBXBuildFile; fileRef = 757A81AE282A3F0700700990 /* ImageLabelNoBorder.xib */; };
		757A81B2282A55C300700990 /* CardImageView.swift in Sources */ = {isa = PBXBuildFile; fileRef = 757A81B1282A55C300700990 /* CardImageView.swift */; };
		757A81B4282A55D000700990 /* CardImageView.xib in Resources */ = {isa = PBXBuildFile; fileRef = 757A81B3282A55D000700990 /* CardImageView.xib */; };
		757A81B9282B2BF600700990 /* TutorialStepView.swift in Sources */ = {isa = PBXBuildFile; fileRef = 757A81B8282B2BF600700990 /* TutorialStepView.swift */; };
		757A81BB282B2C0300700990 /* TutorialStepView.xib in Resources */ = {isa = PBXBuildFile; fileRef = 757A81BA282B2C0300700990 /* TutorialStepView.xib */; };
		757A81D2282B47F800700990 /* CollapsableLabelLabel.swift in Sources */ = {isa = PBXBuildFile; fileRef = 757A81D1282B47F800700990 /* CollapsableLabelLabel.swift */; };
		757A81D4282B480600700990 /* CollapsableLabelLabel.xib in Resources */ = {isa = PBXBuildFile; fileRef = 757A81D3282B480600700990 /* CollapsableLabelLabel.xib */; };
		757EF6612808D736000685FC /* LabelLabel.swift in Sources */ = {isa = PBXBuildFile; fileRef = 757EF6602808D736000685FC /* LabelLabel.swift */; };
		757EF6632808D73E000685FC /* LabelLabel.xib in Resources */ = {isa = PBXBuildFile; fileRef = 757EF6622808D73E000685FC /* LabelLabel.xib */; };
		757EF6682808DFB3000685FC /* TableMVVM in Frameworks */ = {isa = PBXBuildFile; productRef = 757EF6672808DFB3000685FC /* TableMVVM */; };
		757EF66C28090E11000685FC /* UIImage.swift in Sources */ = {isa = PBXBuildFile; fileRef = 757EF66B28090E11000685FC /* UIImage.swift */; };
		757EF66E28091334000685FC /* MenuViewController.swift in Sources */ = {isa = PBXBuildFile; fileRef = 757EF66D28091334000685FC /* MenuViewController.swift */; };
		757EF67028091392000685FC /* UIStoryboard.swift in Sources */ = {isa = PBXBuildFile; fileRef = 757EF66F28091392000685FC /* UIStoryboard.swift */; };
		757EF67228092346000685FC /* MenuViewController.storyboard in Resources */ = {isa = PBXBuildFile; fileRef = 757EF67128092346000685FC /* MenuViewController.storyboard */; };
		757EF67528094177000685FC /* SubMenuViewController.swift in Sources */ = {isa = PBXBuildFile; fileRef = 757EF67428094177000685FC /* SubMenuViewController.swift */; };
		757EF679280941A0000685FC /* SubMenuViewController.storyboard in Resources */ = {isa = PBXBuildFile; fileRef = 757EF678280941A0000685FC /* SubMenuViewController.storyboard */; };
		757EF67C280954CE000685FC /* DetailsViewController.swift in Sources */ = {isa = PBXBuildFile; fileRef = 757EF67B280954CE000685FC /* DetailsViewController.swift */; };
		757EF67E280954E7000685FC /* DetailsViewController.storyboard in Resources */ = {isa = PBXBuildFile; fileRef = 757EF67D280954E7000685FC /* DetailsViewController.storyboard */; };
		757EF68628097871000685FC /* UINavigationController.swift in Sources */ = {isa = PBXBuildFile; fileRef = 757EF68528097871000685FC /* UINavigationController.swift */; };
		757EF68E28097CE7000685FC /* ContactViewController.swift in Sources */ = {isa = PBXBuildFile; fileRef = 757EF68D28097CE7000685FC /* ContactViewController.swift */; };
		757EF69028097D23000685FC /* ContactViewController.storyboard in Resources */ = {isa = PBXBuildFile; fileRef = 757EF68F28097D23000685FC /* ContactViewController.storyboard */; };
		758AE0F4282E348500C8F420 /* MenuItem.swift in Sources */ = {isa = PBXBuildFile; fileRef = 758AE0F3282E348500C8F420 /* MenuItem.swift */; };
		758AE0F6282EC08500C8F420 /* TarotCardsViewController.swift in Sources */ = {isa = PBXBuildFile; fileRef = 758AE0F5282EC08500C8F420 /* TarotCardsViewController.swift */; };
		758AE0F8282EC0C700C8F420 /* TarotCardsViewController.storyboard in Resources */ = {isa = PBXBuildFile; fileRef = 758AE0F7282EC0C700C8F420 /* TarotCardsViewController.storyboard */; };
		758F5FC02808A9AB00B37D60 /* NibView.swift in Sources */ = {isa = PBXBuildFile; fileRef = 758F5FBF2808A9AB00B37D60 /* NibView.swift */; };
		758F5FC22808A9E600B37D60 /* CommonInit.swift in Sources */ = {isa = PBXBuildFile; fileRef = 758F5FC12808A9E600B37D60 /* CommonInit.swift */; };
		758F5FC42808AA4300B37D60 /* UIView.swift in Sources */ = {isa = PBXBuildFile; fileRef = 758F5FC32808AA4300B37D60 /* UIView.swift */; };
		759B1710284EDD49006E8BB1 /* UIEdgeInsets.swift in Sources */ = {isa = PBXBuildFile; fileRef = 759B170F284EDD49006E8BB1 /* UIEdgeInsets.swift */; };
		759B174E284FF725006E8BB1 /* EvolvedWithText.swift in Sources */ = {isa = PBXBuildFile; fileRef = 759B174D284FF725006E8BB1 /* EvolvedWithText.swift */; };
		759B1750284FF769006E8BB1 /* EvolvedWithText.xib in Resources */ = {isa = PBXBuildFile; fileRef = 759B174F284FF769006E8BB1 /* EvolvedWithText.xib */; };
		759B1753284FFFB6006E8BB1 /* EvolvedWithText.ViewModel.swift in Sources */ = {isa = PBXBuildFile; fileRef = 759B1752284FFFB6006E8BB1 /* EvolvedWithText.ViewModel.swift */; };
		759B175A28501C40006E8BB1 /* EvolvedWithTextTests.swift in Sources */ = {isa = PBXBuildFile; fileRef = 759B175928501C3F006E8BB1 /* EvolvedWithTextTests.swift */; };
		75BCF453282E27990066B22D /* Activity.swift in Sources */ = {isa = PBXBuildFile; fileRef = 75BCF452282E27990066B22D /* Activity.swift */; };
		75BCF455282E28060066B22D /* Array.Of.Activities.swift in Sources */ = {isa = PBXBuildFile; fileRef = 75BCF454282E28060066B22D /* Array.Of.Activities.swift */; };
		75BCF457282E281A0066B22D /* MagicTrick.swift in Sources */ = {isa = PBXBuildFile; fileRef = 75BCF456282E281A0066B22D /* MagicTrick.swift */; };
		75BCF459282E283A0066B22D /* Game.swift in Sources */ = {isa = PBXBuildFile; fileRef = 75BCF458282E283A0066B22D /* Game.swift */; };
		75BCF45B282E286F0066B22D /* Tutorial.swift in Sources */ = {isa = PBXBuildFile; fileRef = 75BCF45A282E286F0066B22D /* Tutorial.swift */; };
		75BCF45D282E28830066B22D /* CanDisplayTutorial.swift in Sources */ = {isa = PBXBuildFile; fileRef = 75BCF45C282E28830066B22D /* CanDisplayTutorial.swift */; };
		75CA56B927FC9C65006D8D93 /* Collection.swift in Sources */ = {isa = PBXBuildFile; fileRef = 75CA56B827FC9C65006D8D93 /* Collection.swift */; };
		75D0912927FA84EB0037798C /* QRCodeReader in Frameworks */ = {isa = PBXBuildFile; productRef = 75D0912827FA84EB0037798C /* QRCodeReader */; };
		75D0912C27FA9F5F0037798C /* Callable in Frameworks */ = {isa = PBXBuildFile; productRef = 75D0912B27FA9F5F0037798C /* Callable */; };
		75D0912E27FAAAB80037798C /* Card.swift in Sources */ = {isa = PBXBuildFile; fileRef = 75D0912D27FAAAB80037798C /* Card.swift */; };
		75D0913027FAAB080037798C /* DeeplinkPayload.swift in Sources */ = {isa = PBXBuildFile; fileRef = 75D0912F27FAAB080037798C /* DeeplinkPayload.swift */; };
		75D0913227FB76F50037798C /* card_data.json in Resources */ = {isa = PBXBuildFile; fileRef = 75D0913127FB76F50037798C /* card_data.json */; };
		75D0913427FB89140037798C /* Bundle.swift in Sources */ = {isa = PBXBuildFile; fileRef = 75D0913327FB89140037798C /* Bundle.swift */; };
		75D0913627FBD35E0037798C /* CardDetailViewController.swift in Sources */ = {isa = PBXBuildFile; fileRef = 75D0913527FBD35E0037798C /* CardDetailViewController.swift */; };
		75D0913827FBD3BB0037798C /* CardDetailViewController.storyboard in Resources */ = {isa = PBXBuildFile; fileRef = 75D0913727FBD3BB0037798C /* CardDetailViewController.storyboard */; };
		75D0913C27FBD8900037798C /* Data.swift in Sources */ = {isa = PBXBuildFile; fileRef = 75D0913B27FBD8900037798C /* Data.swift */; };
		75D0913E27FBD8A80037798C /* CardKey.swift in Sources */ = {isa = PBXBuildFile; fileRef = 75D0913D27FBD8A80037798C /* CardKey.swift */; };
		75D0914227FBDBA80037798C /* LocalCardsTests.swift in Sources */ = {isa = PBXBuildFile; fileRef = 75D0914127FBDBA80037798C /* LocalCardsTests.swift */; };
		75D0914427FBDE410037798C /* String.swift in Sources */ = {isa = PBXBuildFile; fileRef = 75D0914327FBDE410037798C /* String.swift */; };
/* End PBXBuildFile section */

/* Begin PBXContainerItemProxy section */
		7526AFFF27FA70B2009C5FE8 /* PBXContainerItemProxy */ = {
			isa = PBXContainerItemProxy;
			containerPortal = 7526AFE027FA70B0009C5FE8 /* Project object */;
			proxyType = 1;
			remoteGlobalIDString = 7526AFE727FA70B0009C5FE8;
			remoteInfo = QRCodeTarot;
		};
		7526B00927FA70B2009C5FE8 /* PBXContainerItemProxy */ = {
			isa = PBXContainerItemProxy;
			containerPortal = 7526AFE027FA70B0009C5FE8 /* Project object */;
			proxyType = 1;
			remoteGlobalIDString = 7526AFE727FA70B0009C5FE8;
			remoteInfo = QRCodeTarot;
		};
/* End PBXContainerItemProxy section */

/* Begin PBXFileReference section */
		75194FD7284A5C8F0060175C /* Cards.swift */ = {isa = PBXFileReference; lastKnownFileType = sourcecode.swift; path = Cards.swift; sourceTree = "<group>"; };
		75194FD9284A5CA30060175C /* Suit.swift */ = {isa = PBXFileReference; lastKnownFileType = sourcecode.swift; path = Suit.swift; sourceTree = "<group>"; };
		75194FDB284A5CB90060175C /* Importance.swift */ = {isa = PBXFileReference; lastKnownFileType = sourcecode.swift; path = Importance.swift; sourceTree = "<group>"; };
		7526AFE827FA70B0009C5FE8 /* Pointy Hat Tarot.app */ = {isa = PBXFileReference; explicitFileType = wrapper.application; includeInIndex = 0; path = "Pointy Hat Tarot.app"; sourceTree = BUILT_PRODUCTS_DIR; };
		7526AFEB27FA70B0009C5FE8 /* AppDelegate.swift */ = {isa = PBXFileReference; lastKnownFileType = sourcecode.swift; path = AppDelegate.swift; sourceTree = "<group>"; };
		7526AFED27FA70B0009C5FE8 /* SceneDelegate.swift */ = {isa = PBXFileReference; lastKnownFileType = sourcecode.swift; path = SceneDelegate.swift; sourceTree = "<group>"; };
		7526AFEF27FA70B0009C5FE8 /* QrReaderViewcontroller.swift */ = {isa = PBXFileReference; lastKnownFileType = sourcecode.swift; path = QrReaderViewcontroller.swift; sourceTree = "<group>"; };
		7526AFF227FA70B0009C5FE8 /* Base */ = {isa = PBXFileReference; lastKnownFileType = file.storyboard; name = Base; path = Base.lproj/Main.storyboard; sourceTree = "<group>"; };
		7526AFF427FA70B2009C5FE8 /* Assets.xcassets */ = {isa = PBXFileReference; lastKnownFileType = folder.assetcatalog; path = Assets.xcassets; sourceTree = "<group>"; };
		7526AFF727FA70B2009C5FE8 /* Base */ = {isa = PBXFileReference; lastKnownFileType = file.storyboard; name = Base; path = Base.lproj/LaunchScreen.storyboard; sourceTree = "<group>"; };
		7526AFF927FA70B2009C5FE8 /* Info.plist */ = {isa = PBXFileReference; lastKnownFileType = text.plist.xml; path = Info.plist; sourceTree = "<group>"; };
		7526AFFE27FA70B2009C5FE8 /* QRCodeTarotTests.xctest */ = {isa = PBXFileReference; explicitFileType = wrapper.cfbundle; includeInIndex = 0; path = QRCodeTarotTests.xctest; sourceTree = BUILT_PRODUCTS_DIR; };
		7526B00827FA70B2009C5FE8 /* QRCodeTarotUITests.xctest */ = {isa = PBXFileReference; explicitFileType = wrapper.cfbundle; includeInIndex = 0; path = QRCodeTarotUITests.xctest; sourceTree = BUILT_PRODUCTS_DIR; };
		7526B00C27FA70B2009C5FE8 /* QRCodeTarotUITests.swift */ = {isa = PBXFileReference; lastKnownFileType = sourcecode.swift; path = QRCodeTarotUITests.swift; sourceTree = "<group>"; };
		7526B00E27FA70B2009C5FE8 /* QRCodeTarotUITestsLaunchTests.swift */ = {isa = PBXFileReference; lastKnownFileType = sourcecode.swift; path = QRCodeTarotUITestsLaunchTests.swift; sourceTree = "<group>"; };
		753E4F312834948D0008623F /* CollapsableLabelLabel.ViewModel.swift */ = {isa = PBXFileReference; lastKnownFileType = sourcecode.swift; path = CollapsableLabelLabel.ViewModel.swift; sourceTree = "<group>"; };
		753E4F33283499FB0008623F /* TarotSwitchView.swift */ = {isa = PBXFileReference; lastKnownFileType = sourcecode.swift; path = TarotSwitchView.swift; sourceTree = "<group>"; };
		753E4F3528349A060008623F /* TarotSwitchView.xib */ = {isa = PBXFileReference; lastKnownFileType = file.xib; path = TarotSwitchView.xib; sourceTree = "<group>"; };
		753E4F382834AFEB0008623F /* VideoView.swift */ = {isa = PBXFileReference; lastKnownFileType = sourcecode.swift; path = VideoView.swift; sourceTree = "<group>"; };
		753E4F3A2834AFF80008623F /* VideoView.xib */ = {isa = PBXFileReference; lastKnownFileType = file.xib; path = VideoView.xib; sourceTree = "<group>"; };
		753E4FBE2835DB1D0008623F /* TarotSwitchView.ViewModel.swift */ = {isa = PBXFileReference; lastKnownFileType = sourcecode.swift; path = TarotSwitchView.ViewModel.swift; sourceTree = "<group>"; };
		753E4FC02835DB390008623F /* UIFont.swift */ = {isa = PBXFileReference; lastKnownFileType = sourcecode.swift; path = UIFont.swift; sourceTree = "<group>"; };
		753E4FC22835DEB80008623F /* UILabel.swift */ = {isa = PBXFileReference; lastKnownFileType = sourcecode.swift; path = UILabel.swift; sourceTree = "<group>"; };
		753E4FCA28360FCE0008623F /* Array.TutorialStepViewModel.swift */ = {isa = PBXFileReference; lastKnownFileType = sourcecode.swift; path = Array.TutorialStepViewModel.swift; sourceTree = "<group>"; };
		753E4FCC283619860008623F /* UITableView.swift */ = {isa = PBXFileReference; lastKnownFileType = sourcecode.swift; path = UITableView.swift; sourceTree = "<group>"; };
		756A68CF27FD484C00B76CCD /* QRViewControllerTests.swift */ = {isa = PBXFileReference; lastKnownFileType = sourcecode.swift; path = QRViewControllerTests.swift; sourceTree = "<group>"; };
		756A68D427FE1EBE00B76CCD /* CanAsync.swift */ = {isa = PBXFileReference; lastKnownFileType = sourcecode.swift; path = CanAsync.swift; sourceTree = "<group>"; };
		756A69152802571300B76CCD /* BinaryInteger.swift */ = {isa = PBXFileReference; lastKnownFileType = sourcecode.swift; path = BinaryInteger.swift; sourceTree = "<group>"; };
		757A807B2822102500700990 /* PictoralKeyToTheTarot.json */ = {isa = PBXFileReference; fileEncoding = 4; lastKnownFileType = text.json; path = PictoralKeyToTheTarot.json; sourceTree = "<group>"; };
		757A807C2822102500700990 /* PictoralKeyToTheTarot.swift */ = {isa = PBXFileReference; fileEncoding = 4; lastKnownFileType = sourcecode.swift; path = PictoralKeyToTheTarot.swift; sourceTree = "<group>"; };
		757A80802822103600700990 /* OracleOfTheTarot.json */ = {isa = PBXFileReference; fileEncoding = 4; lastKnownFileType = text.json; path = OracleOfTheTarot.json; sourceTree = "<group>"; };
		757A80812822103600700990 /* OracleOfTheTarotCards.swift */ = {isa = PBXFileReference; fileEncoding = 4; lastKnownFileType = sourcecode.swift; path = OracleOfTheTarotCards.swift; sourceTree = "<group>"; };
		757A80852822104500700990 /* BookT.json */ = {isa = PBXFileReference; fileEncoding = 4; lastKnownFileType = text.json; path = BookT.json; sourceTree = "<group>"; };
		757A80862822104600700990 /* BookTCard.swift */ = {isa = PBXFileReference; fileEncoding = 4; lastKnownFileType = sourcecode.swift; path = BookTCard.swift; sourceTree = "<group>"; };
		757A808A28222EB900700990 /* BackgroundView.swift */ = {isa = PBXFileReference; lastKnownFileType = sourcecode.swift; path = BackgroundView.swift; sourceTree = "<group>"; };
		757A808C28222EC200700990 /* BackgroundView.xib */ = {isa = PBXFileReference; lastKnownFileType = file.xib; path = BackgroundView.xib; sourceTree = "<group>"; };
		757A80CE282250A700700990 /* ChoiceView.swift */ = {isa = PBXFileReference; lastKnownFileType = sourcecode.swift; path = ChoiceView.swift; sourceTree = "<group>"; };
		757A80D0282250B100700990 /* ChoiceView.xib */ = {isa = PBXFileReference; lastKnownFileType = file.xib; path = ChoiceView.xib; sourceTree = "<group>"; };
		757A80D32822620F00700990 /* LocalImageTests.swift */ = {isa = PBXFileReference; lastKnownFileType = sourcecode.swift; path = LocalImageTests.swift; sourceTree = "<group>"; };
		757A80D6282264F200700990 /* UIColor.swift */ = {isa = PBXFileReference; lastKnownFileType = sourcecode.swift; path = UIColor.swift; sourceTree = "<group>"; };
		757A80DA282268D000700990 /* ChoiceView.ViewModel.swift */ = {isa = PBXFileReference; lastKnownFileType = sourcecode.swift; path = ChoiceView.ViewModel.swift; sourceTree = "<group>"; };
		757A80DE282398FF00700990 /* ViewModelCollectionViewCell.swift */ = {isa = PBXFileReference; lastKnownFileType = sourcecode.swift; path = ViewModelCollectionViewCell.swift; sourceTree = "<group>"; };
		757A80E22823ACBC00700990 /* UICollectionViewFlowLayout.swift */ = {isa = PBXFileReference; lastKnownFileType = sourcecode.swift; path = UICollectionViewFlowLayout.swift; sourceTree = "<group>"; };
		757A80E42823ACE300700990 /* UICollectionViewLayout.swift */ = {isa = PBXFileReference; lastKnownFileType = sourcecode.swift; path = UICollectionViewLayout.swift; sourceTree = "<group>"; };
		757A80E62823ACFB00700990 /* CGFloat.swift */ = {isa = PBXFileReference; lastKnownFileType = sourcecode.swift; path = CGFloat.swift; sourceTree = "<group>"; };
		757A80EA2823B2FD00700990 /* UICollectionView.swift */ = {isa = PBXFileReference; lastKnownFileType = sourcecode.swift; path = UICollectionView.swift; sourceTree = "<group>"; };
		757A80ED28250A7000700990 /* OFL.txt */ = {isa = PBXFileReference; fileEncoding = 4; lastKnownFileType = text; path = OFL.txt; sourceTree = "<group>"; };
		757A80EE28250A7000700990 /* Inter-Bold.ttf */ = {isa = PBXFileReference; lastKnownFileType = file; path = "Inter-Bold.ttf"; sourceTree = "<group>"; };
		757A80EF28250A7100700990 /* Inter-ExtraLight.ttf */ = {isa = PBXFileReference; lastKnownFileType = file; path = "Inter-ExtraLight.ttf"; sourceTree = "<group>"; };
		757A80F028250A7100700990 /* Inter-Regular.ttf */ = {isa = PBXFileReference; lastKnownFileType = file; path = "Inter-Regular.ttf"; sourceTree = "<group>"; };
		757A80F128250A7100700990 /* Inter-Thin.ttf */ = {isa = PBXFileReference; lastKnownFileType = file; path = "Inter-Thin.ttf"; sourceTree = "<group>"; };
		757A80F228250A7100700990 /* static */ = {isa = PBXFileReference; lastKnownFileType = folder; path = static; sourceTree = "<group>"; };
		757A80F328250A7100700990 /* Inter-Light.ttf */ = {isa = PBXFileReference; lastKnownFileType = file; path = "Inter-Light.ttf"; sourceTree = "<group>"; };
		757A80F428250A7100700990 /* Inter-Black.ttf */ = {isa = PBXFileReference; lastKnownFileType = file; path = "Inter-Black.ttf"; sourceTree = "<group>"; };
		757A80F528250A7100700990 /* Inter-ExtraBold.ttf */ = {isa = PBXFileReference; lastKnownFileType = file; path = "Inter-ExtraBold.ttf"; sourceTree = "<group>"; };
		757A80F628250A7200700990 /* README.txt */ = {isa = PBXFileReference; fileEncoding = 4; lastKnownFileType = text; path = README.txt; sourceTree = "<group>"; };
		757A80F728250A7200700990 /* Inter-SemiBold.ttf */ = {isa = PBXFileReference; lastKnownFileType = file; path = "Inter-SemiBold.ttf"; sourceTree = "<group>"; };
		757A80F828250A7200700990 /* Inter-Medium.ttf */ = {isa = PBXFileReference; lastKnownFileType = file; path = "Inter-Medium.ttf"; sourceTree = "<group>"; };
		757A80F928250A7200700990 /* Inter-VariableFont_slnt,wght.ttf */ = {isa = PBXFileReference; lastKnownFileType = file; path = "Inter-VariableFont_slnt,wght.ttf"; sourceTree = "<group>"; };
		757A810A28250E9000700990 /* Date.swift */ = {isa = PBXFileReference; lastKnownFileType = sourcecode.swift; path = Date.swift; sourceTree = "<group>"; };
		757A810C28250FB600700990 /* Int.swift */ = {isa = PBXFileReference; lastKnownFileType = sourcecode.swift; path = Int.swift; sourceTree = "<group>"; };
		757A81102825C33B00700990 /* SubMenuChoice.swift */ = {isa = PBXFileReference; lastKnownFileType = sourcecode.swift; path = SubMenuChoice.swift; sourceTree = "<group>"; };
		757A81122825C35000700990 /* SubMenuChoice.xib */ = {isa = PBXFileReference; lastKnownFileType = file.xib; path = SubMenuChoice.xib; sourceTree = "<group>"; };
		757A81A7282A338D00700990 /* GradientView.swift */ = {isa = PBXFileReference; lastKnownFileType = sourcecode.swift; path = GradientView.swift; sourceTree = "<group>"; };
		757A81AC282A3EFE00700990 /* ImageLabelNoBorder.swift */ = {isa = PBXFileReference; lastKnownFileType = sourcecode.swift; path = ImageLabelNoBorder.swift; sourceTree = "<group>"; };
		757A81AE282A3F0700700990 /* ImageLabelNoBorder.xib */ = {isa = PBXFileReference; lastKnownFileType = file.xib; path = ImageLabelNoBorder.xib; sourceTree = "<group>"; };
		757A81B1282A55C300700990 /* CardImageView.swift */ = {isa = PBXFileReference; lastKnownFileType = sourcecode.swift; path = CardImageView.swift; sourceTree = "<group>"; };
		757A81B3282A55D000700990 /* CardImageView.xib */ = {isa = PBXFileReference; lastKnownFileType = file.xib; path = CardImageView.xib; sourceTree = "<group>"; };
		757A81B8282B2BF600700990 /* TutorialStepView.swift */ = {isa = PBXFileReference; lastKnownFileType = sourcecode.swift; path = TutorialStepView.swift; sourceTree = "<group>"; };
		757A81BA282B2C0300700990 /* TutorialStepView.xib */ = {isa = PBXFileReference; lastKnownFileType = file.xib; path = TutorialStepView.xib; sourceTree = "<group>"; };
		757A81C0282B306500700990 /* PlayfairDisplay-Bold.ttf */ = {isa = PBXFileReference; lastKnownFileType = file; path = "PlayfairDisplay-Bold.ttf"; sourceTree = "<group>"; };
		757A81C1282B306500700990 /* PlayfairDisplay-SemiBold.ttf */ = {isa = PBXFileReference; lastKnownFileType = file; path = "PlayfairDisplay-SemiBold.ttf"; sourceTree = "<group>"; };
		757A81C2282B306500700990 /* PlayfairDisplay-Medium.ttf */ = {isa = PBXFileReference; lastKnownFileType = file; path = "PlayfairDisplay-Medium.ttf"; sourceTree = "<group>"; };
		757A81C3282B306500700990 /* PlayfairDisplay-BoldItalic.ttf */ = {isa = PBXFileReference; lastKnownFileType = file; path = "PlayfairDisplay-BoldItalic.ttf"; sourceTree = "<group>"; };
		757A81C4282B306500700990 /* PlayfairDisplay-ExtraBoldItalic.ttf */ = {isa = PBXFileReference; lastKnownFileType = file; path = "PlayfairDisplay-ExtraBoldItalic.ttf"; sourceTree = "<group>"; };
		757A81C5282B306500700990 /* PlayfairDisplay-Italic.ttf */ = {isa = PBXFileReference; lastKnownFileType = file; path = "PlayfairDisplay-Italic.ttf"; sourceTree = "<group>"; };
		757A81C6282B306500700990 /* PlayfairDisplay-Regular.ttf */ = {isa = PBXFileReference; lastKnownFileType = file; path = "PlayfairDisplay-Regular.ttf"; sourceTree = "<group>"; };
		757A81C7282B306500700990 /* PlayfairDisplay-Black.ttf */ = {isa = PBXFileReference; lastKnownFileType = file; path = "PlayfairDisplay-Black.ttf"; sourceTree = "<group>"; };
		757A81C8282B306500700990 /* PlayfairDisplay-SemiBoldItalic.ttf */ = {isa = PBXFileReference; lastKnownFileType = file; path = "PlayfairDisplay-SemiBoldItalic.ttf"; sourceTree = "<group>"; };
		757A81C9282B306500700990 /* PlayfairDisplay-MediumItalic.ttf */ = {isa = PBXFileReference; lastKnownFileType = file; path = "PlayfairDisplay-MediumItalic.ttf"; sourceTree = "<group>"; };
		757A81CA282B306500700990 /* PlayfairDisplay-BlackItalic.ttf */ = {isa = PBXFileReference; lastKnownFileType = file; path = "PlayfairDisplay-BlackItalic.ttf"; sourceTree = "<group>"; };
		757A81CB282B306500700990 /* PlayfairDisplay-ExtraBold.ttf */ = {isa = PBXFileReference; lastKnownFileType = file; path = "PlayfairDisplay-ExtraBold.ttf"; sourceTree = "<group>"; };
		757A81CC282B306600700990 /* OFL.txt */ = {isa = PBXFileReference; lastKnownFileType = text; path = OFL.txt; sourceTree = "<group>"; };
		757A81CD282B306600700990 /* PlayfairDisplay-VariableFont_wght.ttf */ = {isa = PBXFileReference; lastKnownFileType = file; path = "PlayfairDisplay-VariableFont_wght.ttf"; sourceTree = "<group>"; };
		757A81CE282B306600700990 /* README.txt */ = {isa = PBXFileReference; lastKnownFileType = text; path = README.txt; sourceTree = "<group>"; };
		757A81CF282B306600700990 /* PlayfairDisplay-Italic-VariableFont_wght.ttf */ = {isa = PBXFileReference; lastKnownFileType = file; path = "PlayfairDisplay-Italic-VariableFont_wght.ttf"; sourceTree = "<group>"; };
		757A81D1282B47F800700990 /* CollapsableLabelLabel.swift */ = {isa = PBXFileReference; lastKnownFileType = sourcecode.swift; path = CollapsableLabelLabel.swift; sourceTree = "<group>"; };
		757A81D3282B480600700990 /* CollapsableLabelLabel.xib */ = {isa = PBXFileReference; lastKnownFileType = file.xib; path = CollapsableLabelLabel.xib; sourceTree = "<group>"; };
		757EF6602808D736000685FC /* LabelLabel.swift */ = {isa = PBXFileReference; lastKnownFileType = sourcecode.swift; path = LabelLabel.swift; sourceTree = "<group>"; };
		757EF6622808D73E000685FC /* LabelLabel.xib */ = {isa = PBXFileReference; lastKnownFileType = file.xib; path = LabelLabel.xib; sourceTree = "<group>"; };
		757EF66B28090E11000685FC /* UIImage.swift */ = {isa = PBXFileReference; lastKnownFileType = sourcecode.swift; path = UIImage.swift; sourceTree = "<group>"; };
		757EF66D28091334000685FC /* MenuViewController.swift */ = {isa = PBXFileReference; lastKnownFileType = sourcecode.swift; path = MenuViewController.swift; sourceTree = "<group>"; };
		757EF66F28091392000685FC /* UIStoryboard.swift */ = {isa = PBXFileReference; lastKnownFileType = sourcecode.swift; path = UIStoryboard.swift; sourceTree = "<group>"; };
		757EF67128092346000685FC /* MenuViewController.storyboard */ = {isa = PBXFileReference; lastKnownFileType = file.storyboard; path = MenuViewController.storyboard; sourceTree = "<group>"; };
		757EF67428094177000685FC /* SubMenuViewController.swift */ = {isa = PBXFileReference; lastKnownFileType = sourcecode.swift; path = SubMenuViewController.swift; sourceTree = "<group>"; };
		757EF678280941A0000685FC /* SubMenuViewController.storyboard */ = {isa = PBXFileReference; lastKnownFileType = file.storyboard; path = SubMenuViewController.storyboard; sourceTree = "<group>"; };
		757EF67B280954CE000685FC /* DetailsViewController.swift */ = {isa = PBXFileReference; lastKnownFileType = sourcecode.swift; path = DetailsViewController.swift; sourceTree = "<group>"; };
		757EF67D280954E7000685FC /* DetailsViewController.storyboard */ = {isa = PBXFileReference; lastKnownFileType = file.storyboard; path = DetailsViewController.storyboard; sourceTree = "<group>"; };
		757EF68528097871000685FC /* UINavigationController.swift */ = {isa = PBXFileReference; lastKnownFileType = sourcecode.swift; path = UINavigationController.swift; sourceTree = "<group>"; };
		757EF68D28097CE7000685FC /* ContactViewController.swift */ = {isa = PBXFileReference; lastKnownFileType = sourcecode.swift; path = ContactViewController.swift; sourceTree = "<group>"; };
		757EF68F28097D23000685FC /* ContactViewController.storyboard */ = {isa = PBXFileReference; lastKnownFileType = file.storyboard; path = ContactViewController.storyboard; sourceTree = "<group>"; };
		758AE0F3282E348500C8F420 /* MenuItem.swift */ = {isa = PBXFileReference; lastKnownFileType = sourcecode.swift; path = MenuItem.swift; sourceTree = "<group>"; };
		758AE0F5282EC08500C8F420 /* TarotCardsViewController.swift */ = {isa = PBXFileReference; lastKnownFileType = sourcecode.swift; path = TarotCardsViewController.swift; sourceTree = "<group>"; };
		758AE0F7282EC0C700C8F420 /* TarotCardsViewController.storyboard */ = {isa = PBXFileReference; lastKnownFileType = file.storyboard; path = TarotCardsViewController.storyboard; sourceTree = "<group>"; };
		758F5FBF2808A9AB00B37D60 /* NibView.swift */ = {isa = PBXFileReference; lastKnownFileType = sourcecode.swift; path = NibView.swift; sourceTree = "<group>"; };
		758F5FC12808A9E600B37D60 /* CommonInit.swift */ = {isa = PBXFileReference; lastKnownFileType = sourcecode.swift; path = CommonInit.swift; sourceTree = "<group>"; };
		758F5FC32808AA4300B37D60 /* UIView.swift */ = {isa = PBXFileReference; lastKnownFileType = sourcecode.swift; path = UIView.swift; sourceTree = "<group>"; };
		759B170F284EDD49006E8BB1 /* UIEdgeInsets.swift */ = {isa = PBXFileReference; lastKnownFileType = sourcecode.swift; path = UIEdgeInsets.swift; sourceTree = "<group>"; };
		759B174D284FF725006E8BB1 /* EvolvedWithText.swift */ = {isa = PBXFileReference; lastKnownFileType = sourcecode.swift; path = EvolvedWithText.swift; sourceTree = "<group>"; };
		759B174F284FF769006E8BB1 /* EvolvedWithText.xib */ = {isa = PBXFileReference; lastKnownFileType = file.xib; path = EvolvedWithText.xib; sourceTree = "<group>"; };
		759B1752284FFFB6006E8BB1 /* EvolvedWithText.ViewModel.swift */ = {isa = PBXFileReference; lastKnownFileType = sourcecode.swift; path = EvolvedWithText.ViewModel.swift; sourceTree = "<group>"; };
		759B175928501C3F006E8BB1 /* EvolvedWithTextTests.swift */ = {isa = PBXFileReference; lastKnownFileType = sourcecode.swift; path = EvolvedWithTextTests.swift; sourceTree = "<group>"; };
		75BCF452282E27990066B22D /* Activity.swift */ = {isa = PBXFileReference; lastKnownFileType = sourcecode.swift; path = Activity.swift; sourceTree = "<group>"; };
		75BCF454282E28060066B22D /* Array.Of.Activities.swift */ = {isa = PBXFileReference; lastKnownFileType = sourcecode.swift; path = Array.Of.Activities.swift; sourceTree = "<group>"; };
		75BCF456282E281A0066B22D /* MagicTrick.swift */ = {isa = PBXFileReference; lastKnownFileType = sourcecode.swift; path = MagicTrick.swift; sourceTree = "<group>"; };
		75BCF458282E283A0066B22D /* Game.swift */ = {isa = PBXFileReference; lastKnownFileType = sourcecode.swift; path = Game.swift; sourceTree = "<group>"; };
		75BCF45A282E286F0066B22D /* Tutorial.swift */ = {isa = PBXFileReference; lastKnownFileType = sourcecode.swift; path = Tutorial.swift; sourceTree = "<group>"; };
		75BCF45C282E28830066B22D /* CanDisplayTutorial.swift */ = {isa = PBXFileReference; lastKnownFileType = sourcecode.swift; path = CanDisplayTutorial.swift; sourceTree = "<group>"; };
		75CA56B827FC9C65006D8D93 /* Collection.swift */ = {isa = PBXFileReference; lastKnownFileType = sourcecode.swift; path = Collection.swift; sourceTree = "<group>"; };
		75D0912D27FAAAB80037798C /* Card.swift */ = {isa = PBXFileReference; lastKnownFileType = sourcecode.swift; path = Card.swift; sourceTree = "<group>"; };
		75D0912F27FAAB080037798C /* DeeplinkPayload.swift */ = {isa = PBXFileReference; lastKnownFileType = sourcecode.swift; lineEnding = 0; path = DeeplinkPayload.swift; sourceTree = "<group>"; };
		75D0913127FB76F50037798C /* card_data.json */ = {isa = PBXFileReference; fileEncoding = 4; lastKnownFileType = text.json; path = card_data.json; sourceTree = "<group>"; };
		75D0913327FB89140037798C /* Bundle.swift */ = {isa = PBXFileReference; lastKnownFileType = sourcecode.swift; path = Bundle.swift; sourceTree = "<group>"; };
		75D0913527FBD35E0037798C /* CardDetailViewController.swift */ = {isa = PBXFileReference; lastKnownFileType = sourcecode.swift; path = CardDetailViewController.swift; sourceTree = "<group>"; };
		75D0913727FBD3BB0037798C /* CardDetailViewController.storyboard */ = {isa = PBXFileReference; lastKnownFileType = file.storyboard; path = CardDetailViewController.storyboard; sourceTree = "<group>"; };
		75D0913B27FBD8900037798C /* Data.swift */ = {isa = PBXFileReference; lastKnownFileType = sourcecode.swift; path = Data.swift; sourceTree = "<group>"; };
		75D0913D27FBD8A80037798C /* CardKey.swift */ = {isa = PBXFileReference; lastKnownFileType = sourcecode.swift; path = CardKey.swift; sourceTree = "<group>"; };
		75D0914127FBDBA80037798C /* LocalCardsTests.swift */ = {isa = PBXFileReference; lastKnownFileType = sourcecode.swift; path = LocalCardsTests.swift; sourceTree = "<group>"; };
		75D0914327FBDE410037798C /* String.swift */ = {isa = PBXFileReference; lastKnownFileType = sourcecode.swift; path = String.swift; sourceTree = "<group>"; };
/* End PBXFileReference section */

/* Begin PBXFrameworksBuildPhase section */
		7526AFE527FA70B0009C5FE8 /* Frameworks */ = {
			isa = PBXFrameworksBuildPhase;
			buildActionMask = 2147483647;
			files = (
				753E4FC92835E6B90008623F /* CommonUIKitExtensions in Frameworks */,
				757EF6682808DFB3000685FC /* TableMVVM in Frameworks */,
				753E4FC62835E6A60008623F /* CommonExtensions in Frameworks */,
				75D0912C27FA9F5F0037798C /* Callable in Frameworks */,
				75D0912927FA84EB0037798C /* QRCodeReader in Frameworks */,
			);
			runOnlyForDeploymentPostprocessing = 0;
		};
		7526AFFB27FA70B2009C5FE8 /* Frameworks */ = {
			isa = PBXFrameworksBuildPhase;
			buildActionMask = 2147483647;
			files = (
			);
			runOnlyForDeploymentPostprocessing = 0;
		};
		7526B00527FA70B2009C5FE8 /* Frameworks */ = {
			isa = PBXFrameworksBuildPhase;
			buildActionMask = 2147483647;
			files = (
			);
			runOnlyForDeploymentPostprocessing = 0;
		};
/* End PBXFrameworksBuildPhase section */

/* Begin PBXGroup section */
		7526AFDF27FA70B0009C5FE8 = {
			isa = PBXGroup;
			children = (
				7526AFEA27FA70B0009C5FE8 /* QRCodeTarot */,
				7526B00127FA70B2009C5FE8 /* QRCodeTarotTests */,
				7526B00B27FA70B2009C5FE8 /* QRCodeTarotUITests */,
				7526AFE927FA70B0009C5FE8 /* Products */,
			);
			sourceTree = "<group>";
		};
		7526AFE927FA70B0009C5FE8 /* Products */ = {
			isa = PBXGroup;
			children = (
				7526AFE827FA70B0009C5FE8 /* Pointy Hat Tarot.app */,
				7526AFFE27FA70B2009C5FE8 /* QRCodeTarotTests.xctest */,
				7526B00827FA70B2009C5FE8 /* QRCodeTarotUITests.xctest */,
			);
			name = Products;
			sourceTree = "<group>";
		};
		7526AFEA27FA70B0009C5FE8 /* QRCodeTarot */ = {
			isa = PBXGroup;
			children = (
				7526AFEB27FA70B0009C5FE8 /* AppDelegate.swift */,
				7526AFED27FA70B0009C5FE8 /* SceneDelegate.swift */,
				757A80DE282398FF00700990 /* ViewModelCollectionViewCell.swift */,
				756A68D727FE1F4400B76CCD /* ViewControllers */,
				757A80D52822635D00700990 /* BackgroundView */,
				754FE8EB2808C1D10051720E /* ImageContainer */,
				757EF6642808D744000685FC /* LabelLabel */,
				75BCF45E282E28920066B22D /* ActivityModels */,
				756A68D427FE1EBE00B76CCD /* CanAsync.swift */,
				753E4FCA28360FCE0008623F /* Array.TutorialStepViewModel.swift */,
				758F5FBF2808A9AB00B37D60 /* NibView.swift */,
				758F5FC32808AA4300B37D60 /* UIView.swift */,
				757A80D6282264F200700990 /* UIColor.swift */,
				753E4FC02835DB390008623F /* UIFont.swift */,
				753E4FC22835DEB80008623F /* UILabel.swift */,
				753E4FCC283619860008623F /* UITableView.swift */,
				759B170F284EDD49006E8BB1 /* UIEdgeInsets.swift */,
				757A81A7282A338D00700990 /* GradientView.swift */,
				758F5FC12808A9E600B37D60 /* CommonInit.swift */,
				75194FD7284A5C8F0060175C /* Cards.swift */,
				75D0912D27FAAAB80037798C /* Card.swift */,
				75194FD9284A5CA30060175C /* Suit.swift */,
				75194FDB284A5CB90060175C /* Importance.swift */,
				75D0913D27FBD8A80037798C /* CardKey.swift */,
				75D0912F27FAAB080037798C /* DeeplinkPayload.swift */,
				757A80EC28250A4200700990 /* Fonts */,
				757A80892822104900700990 /* BookTCard */,
				757A80842822103A00700990 /* OracleOfTheTarot */,
				757A807F2822102900700990 /* PictoralKeyToTheTarot */,
				756A68D627FE1F2F00B76CCD /* Extensions */,
				75D0913127FB76F50037798C /* card_data.json */,
				7526AFF427FA70B2009C5FE8 /* Assets.xcassets */,
				7526AFF627FA70B2009C5FE8 /* LaunchScreen.storyboard */,
				7526AFF927FA70B2009C5FE8 /* Info.plist */,
			);
			path = QRCodeTarot;
			sourceTree = "<group>";
		};
		7526B00127FA70B2009C5FE8 /* QRCodeTarotTests */ = {
			isa = PBXGroup;
			children = (
				75D0914127FBDBA80037798C /* LocalCardsTests.swift */,
				759B175928501C3F006E8BB1 /* EvolvedWithTextTests.swift */,
				757A80D32822620F00700990 /* LocalImageTests.swift */,
				756A68CF27FD484C00B76CCD /* QRViewControllerTests.swift */,
			);
			path = QRCodeTarotTests;
			sourceTree = "<group>";
		};
		7526B00B27FA70B2009C5FE8 /* QRCodeTarotUITests */ = {
			isa = PBXGroup;
			children = (
				7526B00C27FA70B2009C5FE8 /* QRCodeTarotUITests.swift */,
				7526B00E27FA70B2009C5FE8 /* QRCodeTarotUITestsLaunchTests.swift */,
			);
			path = QRCodeTarotUITests;
			sourceTree = "<group>";
		};
		753E4F3728349F250008623F /* TarotSwitchView */ = {
			isa = PBXGroup;
			children = (
				753E4F33283499FB0008623F /* TarotSwitchView.swift */,
				753E4FBE2835DB1D0008623F /* TarotSwitchView.ViewModel.swift */,
				753E4F3528349A060008623F /* TarotSwitchView.xib */,
			);
			path = TarotSwitchView;
			sourceTree = "<group>";
		};
		753E4F3C2834AFFD0008623F /* VideoView */ = {
			isa = PBXGroup;
			children = (
				753E4F382834AFEB0008623F /* VideoView.swift */,
				753E4F3A2834AFF80008623F /* VideoView.xib */,
			);
			path = VideoView;
			sourceTree = "<group>";
		};
		754FE8EB2808C1D10051720E /* ImageContainer */ = {
			isa = PBXGroup;
			children = (
				757A81D1282B47F800700990 /* CollapsableLabelLabel.swift */,
				753E4F312834948D0008623F /* CollapsableLabelLabel.ViewModel.swift */,
				757A81D3282B480600700990 /* CollapsableLabelLabel.xib */,
			);
			path = ImageContainer;
			sourceTree = "<group>";
		};
		756A68D127FDF83A00B76CCD /* CardDetailViewController */ = {
			isa = PBXGroup;
			children = (
				75D0913527FBD35E0037798C /* CardDetailViewController.swift */,
				75D0913727FBD3BB0037798C /* CardDetailViewController.storyboard */,
				759B1751284FF76E006E8BB1 /* EvolvedWithText */,
				753E4F3728349F250008623F /* TarotSwitchView */,
			);
			path = CardDetailViewController;
			sourceTree = "<group>";
		};
		756A68D627FE1F2F00B76CCD /* Extensions */ = {
			isa = PBXGroup;
			children = (
				757A810C28250FB600700990 /* Int.swift */,
				757A810A28250E9000700990 /* Date.swift */,
				75D0913327FB89140037798C /* Bundle.swift */,
				757A80E62823ACFB00700990 /* CGFloat.swift */,
				75D0913B27FBD8900037798C /* Data.swift */,
				75CA56B827FC9C65006D8D93 /* Collection.swift */,
				75D0914327FBDE410037798C /* String.swift */,
				756A69152802571300B76CCD /* BinaryInteger.swift */,
				757A80EA2823B2FD00700990 /* UICollectionView.swift */,
				757EF66B28090E11000685FC /* UIImage.swift */,
				757EF66F28091392000685FC /* UIStoryboard.swift */,
				757EF68528097871000685FC /* UINavigationController.swift */,
				757A80E22823ACBC00700990 /* UICollectionViewFlowLayout.swift */,
				757A80E42823ACE300700990 /* UICollectionViewLayout.swift */,
			);
			path = Extensions;
			sourceTree = "<group>";
		};
		756A68D727FE1F4400B76CCD /* ViewControllers */ = {
			isa = PBXGroup;
			children = (
				757EF67328093382000685FC /* MenuViewController */,
				757EF67A280941BE000685FC /* SubMenuViewController */,
				757EF6652808DEB4000685FC /* QRReaderViewController */,
				756A68D127FDF83A00B76CCD /* CardDetailViewController */,
				758AE0F9282EC5D400C8F420 /* TarotCardsViewController */,
				757EF67F280954EE000685FC /* DetailsViewController */,
				757EF691280A8B57000685FC /* ContactViewController */,
			);
			path = ViewControllers;
			sourceTree = "<group>";
		};
		757A807F2822102900700990 /* PictoralKeyToTheTarot */ = {
			isa = PBXGroup;
			children = (
				757A807B2822102500700990 /* PictoralKeyToTheTarot.json */,
				757A807C2822102500700990 /* PictoralKeyToTheTarot.swift */,
			);
			path = PictoralKeyToTheTarot;
			sourceTree = "<group>";
		};
		757A80842822103A00700990 /* OracleOfTheTarot */ = {
			isa = PBXGroup;
			children = (
				757A80802822103600700990 /* OracleOfTheTarot.json */,
				757A80812822103600700990 /* OracleOfTheTarotCards.swift */,
			);
			path = OracleOfTheTarot;
			sourceTree = "<group>";
		};
		757A80892822104900700990 /* BookTCard */ = {
			isa = PBXGroup;
			children = (
				757A80852822104500700990 /* BookT.json */,
				757A80862822104600700990 /* BookTCard.swift */,
			);
			path = BookTCard;
			sourceTree = "<group>";
		};
		757A80D2282250F700700990 /* ChoiceView */ = {
			isa = PBXGroup;
			children = (
				757A80CE282250A700700990 /* ChoiceView.swift */,
				757A80DA282268D000700990 /* ChoiceView.ViewModel.swift */,
				757A80D0282250B100700990 /* ChoiceView.xib */,
			);
			path = ChoiceView;
			sourceTree = "<group>";
		};
		757A80D52822635D00700990 /* BackgroundView */ = {
			isa = PBXGroup;
			children = (
				757A808A28222EB900700990 /* BackgroundView.swift */,
				757A808C28222EC200700990 /* BackgroundView.xib */,
			);
			path = BackgroundView;
			sourceTree = "<group>";
		};
		757A80EC28250A4200700990 /* Fonts */ = {
			isa = PBXGroup;
			children = (
				757A81D0282B306F00700990 /* PlayfairDisplay */,
				757A810728250A8100700990 /* Inter */,
			);
			path = Fonts;
			sourceTree = "<group>";
		};
		757A810728250A8100700990 /* Inter */ = {
			isa = PBXGroup;
			children = (
				757A80F428250A7100700990 /* Inter-Black.ttf */,
				757A80EE28250A7000700990 /* Inter-Bold.ttf */,
				757A80F528250A7100700990 /* Inter-ExtraBold.ttf */,
				757A80EF28250A7100700990 /* Inter-ExtraLight.ttf */,
				757A80F328250A7100700990 /* Inter-Light.ttf */,
				757A80F828250A7200700990 /* Inter-Medium.ttf */,
				757A80F028250A7100700990 /* Inter-Regular.ttf */,
				757A80F728250A7200700990 /* Inter-SemiBold.ttf */,
				757A80F128250A7100700990 /* Inter-Thin.ttf */,
				757A80F928250A7200700990 /* Inter-VariableFont_slnt,wght.ttf */,
				757A80ED28250A7000700990 /* OFL.txt */,
				757A80F628250A7200700990 /* README.txt */,
				757A80F228250A7100700990 /* static */,
			);
			path = Inter;
			sourceTree = "<group>";
		};
		757A81A9282A37BF00700990 /* SubMenuChoice */ = {
			isa = PBXGroup;
			children = (
				757A81102825C33B00700990 /* SubMenuChoice.swift */,
				757A81122825C35000700990 /* SubMenuChoice.xib */,
			);
			path = SubMenuChoice;
			sourceTree = "<group>";
		};
		757A81B0282A3F0B00700990 /* ImageLabelNoBorder */ = {
			isa = PBXGroup;
			children = (
				757A81AC282A3EFE00700990 /* ImageLabelNoBorder.swift */,
				757A81AE282A3F0700700990 /* ImageLabelNoBorder.xib */,
			);
			path = ImageLabelNoBorder;
			sourceTree = "<group>";
		};
		757A81B5282A55D600700990 /* CardImageView */ = {
			isa = PBXGroup;
			children = (
				757A81B1282A55C300700990 /* CardImageView.swift */,
				757A81B3282A55D000700990 /* CardImageView.xib */,
			);
			path = CardImageView;
			sourceTree = "<group>";
		};
		757A81BC282B2C0800700990 /* TutorialStepView */ = {
			isa = PBXGroup;
			children = (
				757A81B8282B2BF600700990 /* TutorialStepView.swift */,
				757A81BA282B2C0300700990 /* TutorialStepView.xib */,
			);
			path = TutorialStepView;
			sourceTree = "<group>";
		};
		757A81BF282B306500700990 /* static */ = {
			isa = PBXGroup;
			children = (
				757A81C0282B306500700990 /* PlayfairDisplay-Bold.ttf */,
				757A81C1282B306500700990 /* PlayfairDisplay-SemiBold.ttf */,
				757A81C2282B306500700990 /* PlayfairDisplay-Medium.ttf */,
				757A81C3282B306500700990 /* PlayfairDisplay-BoldItalic.ttf */,
				757A81C4282B306500700990 /* PlayfairDisplay-ExtraBoldItalic.ttf */,
				757A81C5282B306500700990 /* PlayfairDisplay-Italic.ttf */,
				757A81C6282B306500700990 /* PlayfairDisplay-Regular.ttf */,
				757A81C7282B306500700990 /* PlayfairDisplay-Black.ttf */,
				757A81C8282B306500700990 /* PlayfairDisplay-SemiBoldItalic.ttf */,
				757A81C9282B306500700990 /* PlayfairDisplay-MediumItalic.ttf */,
				757A81CA282B306500700990 /* PlayfairDisplay-BlackItalic.ttf */,
				757A81CB282B306500700990 /* PlayfairDisplay-ExtraBold.ttf */,
			);
			path = static;
			sourceTree = "<group>";
		};
		757A81D0282B306F00700990 /* PlayfairDisplay */ = {
			isa = PBXGroup;
			children = (
				757A81CC282B306600700990 /* OFL.txt */,
				757A81CF282B306600700990 /* PlayfairDisplay-Italic-VariableFont_wght.ttf */,
				757A81CD282B306600700990 /* PlayfairDisplay-VariableFont_wght.ttf */,
				757A81CE282B306600700990 /* README.txt */,
				757A81BF282B306500700990 /* static */,
			);
			path = PlayfairDisplay;
			sourceTree = "<group>";
		};
		757EF6642808D744000685FC /* LabelLabel */ = {
			isa = PBXGroup;
			children = (
				757EF6602808D736000685FC /* LabelLabel.swift */,
				757EF6622808D73E000685FC /* LabelLabel.xib */,
			);
			path = LabelLabel;
			sourceTree = "<group>";
		};
		757EF6652808DEB4000685FC /* QRReaderViewController */ = {
			isa = PBXGroup;
			children = (
				7526AFEF27FA70B0009C5FE8 /* QrReaderViewcontroller.swift */,
				7526AFF127FA70B0009C5FE8 /* Main.storyboard */,
			);
			path = QRReaderViewController;
			sourceTree = "<group>";
		};
		757EF67328093382000685FC /* MenuViewController */ = {
			isa = PBXGroup;
			children = (
				757A80D2282250F700700990 /* ChoiceView */,
				757EF66D28091334000685FC /* MenuViewController.swift */,
				757EF67128092346000685FC /* MenuViewController.storyboard */,
			);
			path = MenuViewController;
			sourceTree = "<group>";
		};
		757EF67A280941BE000685FC /* SubMenuViewController */ = {
			isa = PBXGroup;
			children = (
				757EF67428094177000685FC /* SubMenuViewController.swift */,
				757EF678280941A0000685FC /* SubMenuViewController.storyboard */,
				757A81BC282B2C0800700990 /* TutorialStepView */,
				757A81B0282A3F0B00700990 /* ImageLabelNoBorder */,
				757A81A9282A37BF00700990 /* SubMenuChoice */,
			);
			path = SubMenuViewController;
			sourceTree = "<group>";
		};
		757EF67F280954EE000685FC /* DetailsViewController */ = {
			isa = PBXGroup;
			children = (
				757EF67B280954CE000685FC /* DetailsViewController.swift */,
				757EF67D280954E7000685FC /* DetailsViewController.storyboard */,
				753E4F3C2834AFFD0008623F /* VideoView */,
				757A81B5282A55D600700990 /* CardImageView */,
			);
			path = DetailsViewController;
			sourceTree = "<group>";
		};
		757EF691280A8B57000685FC /* ContactViewController */ = {
			isa = PBXGroup;
			children = (
				757EF68D28097CE7000685FC /* ContactViewController.swift */,
				757EF68F28097D23000685FC /* ContactViewController.storyboard */,
			);
			path = ContactViewController;
			sourceTree = "<group>";
		};
		758AE0F9282EC5D400C8F420 /* TarotCardsViewController */ = {
			isa = PBXGroup;
			children = (
				758AE0F5282EC08500C8F420 /* TarotCardsViewController.swift */,
				758AE0F7282EC0C700C8F420 /* TarotCardsViewController.storyboard */,
			);
			path = TarotCardsViewController;
			sourceTree = "<group>";
		};
		759B1751284FF76E006E8BB1 /* EvolvedWithText */ = {
			isa = PBXGroup;
			children = (
				759B174D284FF725006E8BB1 /* EvolvedWithText.swift */,
				759B1752284FFFB6006E8BB1 /* EvolvedWithText.ViewModel.swift */,
				759B174F284FF769006E8BB1 /* EvolvedWithText.xib */,
			);
			path = EvolvedWithText;
			sourceTree = "<group>";
		};
		75BCF45E282E28920066B22D /* ActivityModels */ = {
			isa = PBXGroup;
			children = (
				758AE0F3282E348500C8F420 /* MenuItem.swift */,
				75BCF452282E27990066B22D /* Activity.swift */,
				75BCF454282E28060066B22D /* Array.Of.Activities.swift */,
				75BCF456282E281A0066B22D /* MagicTrick.swift */,
				75BCF458282E283A0066B22D /* Game.swift */,
				75BCF45A282E286F0066B22D /* Tutorial.swift */,
				75BCF45C282E28830066B22D /* CanDisplayTutorial.swift */,
			);
			path = ActivityModels;
			sourceTree = "<group>";
		};
/* End PBXGroup section */

/* Begin PBXNativeTarget section */
		7526AFE727FA70B0009C5FE8 /* QRCodeTarot */ = {
			isa = PBXNativeTarget;
			buildConfigurationList = 7526B01227FA70B2009C5FE8 /* Build configuration list for PBXNativeTarget "QRCodeTarot" */;
			buildPhases = (
				7526AFE427FA70B0009C5FE8 /* Sources */,
				7526AFE527FA70B0009C5FE8 /* Frameworks */,
				7526AFE627FA70B0009C5FE8 /* Resources */,
			);
			buildRules = (
			);
			dependencies = (
			);
			name = QRCodeTarot;
			packageProductDependencies = (
				75D0912827FA84EB0037798C /* QRCodeReader */,
				75D0912B27FA9F5F0037798C /* Callable */,
				757EF6672808DFB3000685FC /* TableMVVM */,
				753E4FC52835E6A60008623F /* CommonExtensions */,
				753E4FC82835E6B90008623F /* CommonUIKitExtensions */,
			);
			productName = QRCodeTarot;
			productReference = 7526AFE827FA70B0009C5FE8 /* Pointy Hat Tarot.app */;
			productType = "com.apple.product-type.application";
		};
		7526AFFD27FA70B2009C5FE8 /* QRCodeTarotTests */ = {
			isa = PBXNativeTarget;
			buildConfigurationList = 7526B01527FA70B2009C5FE8 /* Build configuration list for PBXNativeTarget "QRCodeTarotTests" */;
			buildPhases = (
				7526AFFA27FA70B2009C5FE8 /* Sources */,
				7526AFFB27FA70B2009C5FE8 /* Frameworks */,
				7526AFFC27FA70B2009C5FE8 /* Resources */,
			);
			buildRules = (
			);
			dependencies = (
				7526B00027FA70B2009C5FE8 /* PBXTargetDependency */,
			);
			name = QRCodeTarotTests;
			productName = QRCodeTarotTests;
			productReference = 7526AFFE27FA70B2009C5FE8 /* QRCodeTarotTests.xctest */;
			productType = "com.apple.product-type.bundle.unit-test";
		};
		7526B00727FA70B2009C5FE8 /* QRCodeTarotUITests */ = {
			isa = PBXNativeTarget;
			buildConfigurationList = 7526B01827FA70B2009C5FE8 /* Build configuration list for PBXNativeTarget "QRCodeTarotUITests" */;
			buildPhases = (
				7526B00427FA70B2009C5FE8 /* Sources */,
				7526B00527FA70B2009C5FE8 /* Frameworks */,
				7526B00627FA70B2009C5FE8 /* Resources */,
			);
			buildRules = (
			);
			dependencies = (
				7526B00A27FA70B2009C5FE8 /* PBXTargetDependency */,
			);
			name = QRCodeTarotUITests;
			productName = QRCodeTarotUITests;
			productReference = 7526B00827FA70B2009C5FE8 /* QRCodeTarotUITests.xctest */;
			productType = "com.apple.product-type.bundle.ui-testing";
		};
/* End PBXNativeTarget section */

/* Begin PBXProject section */
		7526AFE027FA70B0009C5FE8 /* Project object */ = {
			isa = PBXProject;
			attributes = {
				BuildIndependentTargetsInParallel = 1;
				LastSwiftUpdateCheck = 1320;
				LastUpgradeCheck = 1320;
				TargetAttributes = {
					7526AFE727FA70B0009C5FE8 = {
						CreatedOnToolsVersion = 13.2.1;
					};
					7526AFFD27FA70B2009C5FE8 = {
						CreatedOnToolsVersion = 13.2.1;
						TestTargetID = 7526AFE727FA70B0009C5FE8;
					};
					7526B00727FA70B2009C5FE8 = {
						CreatedOnToolsVersion = 13.2.1;
						TestTargetID = 7526AFE727FA70B0009C5FE8;
					};
				};
			};
			buildConfigurationList = 7526AFE327FA70B0009C5FE8 /* Build configuration list for PBXProject "QRCodeTarot" */;
			compatibilityVersion = "Xcode 13.0";
			developmentRegion = en;
			hasScannedForEncodings = 0;
			knownRegions = (
				en,
				Base,
			);
			mainGroup = 7526AFDF27FA70B0009C5FE8;
			packageReferences = (
				75D0912727FA84EB0037798C /* XCRemoteSwiftPackageReference "QRCodeReader.swift" */,
				75D0912A27FA9F5F0037798C /* XCRemoteSwiftPackageReference "Callable" */,
				757EF6662808DFB3000685FC /* XCRemoteSwiftPackageReference "TableMVVM" */,
				753E4FC42835E6A60008623F /* XCRemoteSwiftPackageReference "CommonExtensions" */,
				753E4FC72835E6B80008623F /* XCRemoteSwiftPackageReference "CommonUIKitExtensions" */,
			);
			productRefGroup = 7526AFE927FA70B0009C5FE8 /* Products */;
			projectDirPath = "";
			projectRoot = "";
			targets = (
				7526AFE727FA70B0009C5FE8 /* QRCodeTarot */,
				7526AFFD27FA70B2009C5FE8 /* QRCodeTarotTests */,
				7526B00727FA70B2009C5FE8 /* QRCodeTarotUITests */,
			);
		};
/* End PBXProject section */

/* Begin PBXResourcesBuildPhase section */
		7526AFE627FA70B0009C5FE8 /* Resources */ = {
			isa = PBXResourcesBuildPhase;
			buildActionMask = 2147483647;
			files = (
				758AE0F8282EC0C700C8F420 /* TarotCardsViewController.storyboard in Resources */,
				757A80FF28250A7200700990 /* static in Resources */,
				757A810028250A7200700990 /* Inter-Light.ttf in Resources */,
				757A80FA28250A7200700990 /* OFL.txt in Resources */,
				757A810228250A7200700990 /* Inter-ExtraBold.ttf in Resources */,
				757A810328250A7200700990 /* README.txt in Resources */,
				757EF67E280954E7000685FC /* DetailsViewController.storyboard in Resources */,
				757A81B4282A55D000700990 /* CardImageView.xib in Resources */,
				757A80FB28250A7200700990 /* Inter-Bold.ttf in Resources */,
				75D0913827FBD3BB0037798C /* CardDetailViewController.storyboard in Resources */,
				757A81D4282B480600700990 /* CollapsableLabelLabel.xib in Resources */,
				757EF679280941A0000685FC /* SubMenuViewController.storyboard in Resources */,
				757EF69028097D23000685FC /* ContactViewController.storyboard in Resources */,
				759B1750284FF769006E8BB1 /* EvolvedWithText.xib in Resources */,
				757EF67228092346000685FC /* MenuViewController.storyboard in Resources */,
				7526AFF827FA70B2009C5FE8 /* LaunchScreen.storyboard in Resources */,
				757A807D2822102500700990 /* PictoralKeyToTheTarot.json in Resources */,
				757EF6632808D73E000685FC /* LabelLabel.xib in Resources */,
				757A80D1282250B100700990 /* ChoiceView.xib in Resources */,
				757A81132825C35000700990 /* SubMenuChoice.xib in Resources */,
				753E4F3628349A060008623F /* TarotSwitchView.xib in Resources */,
				753E4F3B2834AFF80008623F /* VideoView.xib in Resources */,
				757A810628250A7200700990 /* Inter-VariableFont_slnt,wght.ttf in Resources */,
				757A808D28222EC200700990 /* BackgroundView.xib in Resources */,
				757A80872822104600700990 /* BookT.json in Resources */,
				757A81BB282B2C0300700990 /* TutorialStepView.xib in Resources */,
				757A80FE28250A7200700990 /* Inter-Thin.ttf in Resources */,
				75D0913227FB76F50037798C /* card_data.json in Resources */,
				757A81AF282A3F0700700990 /* ImageLabelNoBorder.xib in Resources */,
				7526AFF527FA70B2009C5FE8 /* Assets.xcassets in Resources */,
				757A80822822103600700990 /* OracleOfTheTarot.json in Resources */,
				757A80FC28250A7200700990 /* Inter-ExtraLight.ttf in Resources */,
				757A80FD28250A7200700990 /* Inter-Regular.ttf in Resources */,
				757A810528250A7200700990 /* Inter-Medium.ttf in Resources */,
				757A810428250A7200700990 /* Inter-SemiBold.ttf in Resources */,
				7526AFF327FA70B0009C5FE8 /* Main.storyboard in Resources */,
				757A810128250A7200700990 /* Inter-Black.ttf in Resources */,
			);
			runOnlyForDeploymentPostprocessing = 0;
		};
		7526AFFC27FA70B2009C5FE8 /* Resources */ = {
			isa = PBXResourcesBuildPhase;
			buildActionMask = 2147483647;
			files = (
			);
			runOnlyForDeploymentPostprocessing = 0;
		};
		7526B00627FA70B2009C5FE8 /* Resources */ = {
			isa = PBXResourcesBuildPhase;
			buildActionMask = 2147483647;
			files = (
			);
			runOnlyForDeploymentPostprocessing = 0;
		};
/* End PBXResourcesBuildPhase section */

/* Begin PBXSourcesBuildPhase section */
		7526AFE427FA70B0009C5FE8 /* Sources */ = {
			isa = PBXSourcesBuildPhase;
			buildActionMask = 2147483647;
			files = (
				757A81B9282B2BF600700990 /* TutorialStepView.swift in Sources */,
				758F5FC42808AA4300B37D60 /* UIView.swift in Sources */,
				757A80DB282268D000700990 /* ChoiceView.ViewModel.swift in Sources */,
				753E4FCB28360FCE0008623F /* Array.TutorialStepViewModel.swift in Sources */,
				757A80CF282250A700700990 /* ChoiceView.swift in Sources */,
				757EF66C28090E11000685FC /* UIImage.swift in Sources */,
				75BCF45B282E286F0066B22D /* Tutorial.swift in Sources */,
				75BCF459282E283A0066B22D /* Game.swift in Sources */,
				7526AFF027FA70B0009C5FE8 /* QrReaderViewcontroller.swift in Sources */,
				75194FDC284A5CB90060175C /* Importance.swift in Sources */,
				757A80832822103600700990 /* OracleOfTheTarotCards.swift in Sources */,
				75D0914427FBDE410037798C /* String.swift in Sources */,
				75D0913E27FBD8A80037798C /* CardKey.swift in Sources */,
				756A69162802571300B76CCD /* BinaryInteger.swift in Sources */,
				757A81D2282B47F800700990 /* CollapsableLabelLabel.swift in Sources */,
				75D0913427FB89140037798C /* Bundle.swift in Sources */,
				757A808B28222EB900700990 /* BackgroundView.swift in Sources */,
				7526AFEC27FA70B0009C5FE8 /* AppDelegate.swift in Sources */,
				753E4FCD283619860008623F /* UITableView.swift in Sources */,
				757A80E32823ACBC00700990 /* UICollectionViewFlowLayout.swift in Sources */,
				757EF67528094177000685FC /* SubMenuViewController.swift in Sources */,
				757A81B2282A55C300700990 /* CardImageView.swift in Sources */,
				757A807E2822102500700990 /* PictoralKeyToTheTarot.swift in Sources */,
				758F5FC22808A9E600B37D60 /* CommonInit.swift in Sources */,
				757EF67C280954CE000685FC /* DetailsViewController.swift in Sources */,
				757A810B28250E9000700990 /* Date.swift in Sources */,
				753E4F34283499FB0008623F /* TarotSwitchView.swift in Sources */,
				758F5FC02808A9AB00B37D60 /* NibView.swift in Sources */,
				757EF68628097871000685FC /* UINavigationController.swift in Sources */,
				75BCF457282E281A0066B22D /* MagicTrick.swift in Sources */,
				757A80882822104600700990 /* BookTCard.swift in Sources */,
				75194FD8284A5C8F0060175C /* Cards.swift in Sources */,
				75CA56B927FC9C65006D8D93 /* Collection.swift in Sources */,
				757A81112825C33B00700990 /* SubMenuChoice.swift in Sources */,
				757EF67028091392000685FC /* UIStoryboard.swift in Sources */,
				753E4F392834AFEB0008623F /* VideoView.swift in Sources */,
				757A80D7282264F200700990 /* UIColor.swift in Sources */,
				757EF68E28097CE7000685FC /* ContactViewController.swift in Sources */,
				757A80EB2823B2FD00700990 /* UICollectionView.swift in Sources */,
				75194FDA284A5CA30060175C /* Suit.swift in Sources */,
				753E4F322834948D0008623F /* CollapsableLabelLabel.ViewModel.swift in Sources */,
				758AE0F6282EC08500C8F420 /* TarotCardsViewController.swift in Sources */,
				75D0913027FAAB080037798C /* DeeplinkPayload.swift in Sources */,
				757A80E72823ACFB00700990 /* CGFloat.swift in Sources */,
				7526AFEE27FA70B0009C5FE8 /* SceneDelegate.swift in Sources */,
				753E4FBF2835DB1D0008623F /* TarotSwitchView.ViewModel.swift in Sources */,
				757A80E52823ACE300700990 /* UICollectionViewLayout.swift in Sources */,
				757A81AD282A3EFE00700990 /* ImageLabelNoBorder.swift in Sources */,
				759B174E284FF725006E8BB1 /* EvolvedWithText.swift in Sources */,
				75D0912E27FAAAB80037798C /* Card.swift in Sources */,
				756A68D527FE1EBE00B76CCD /* CanAsync.swift in Sources */,
				757A81A8282A338D00700990 /* GradientView.swift in Sources */,
				75BCF455282E28060066B22D /* Array.Of.Activities.swift in Sources */,
				757EF6612808D736000685FC /* LabelLabel.swift in Sources */,
				75D0913627FBD35E0037798C /* CardDetailViewController.swift in Sources */,
				759B1710284EDD49006E8BB1 /* UIEdgeInsets.swift in Sources */,
				757A80DF282398FF00700990 /* ViewModelCollectionViewCell.swift in Sources */,
				75D0913C27FBD8900037798C /* Data.swift in Sources */,
				757A810D28250FB600700990 /* Int.swift in Sources */,
				757EF66E28091334000685FC /* MenuViewController.swift in Sources */,
				759B1753284FFFB6006E8BB1 /* EvolvedWithText.ViewModel.swift in Sources */,
				753E4FC12835DB390008623F /* UIFont.swift in Sources */,
				75BCF45D282E28830066B22D /* CanDisplayTutorial.swift in Sources */,
				753E4FC32835DEB80008623F /* UILabel.swift in Sources */,
				758AE0F4282E348500C8F420 /* MenuItem.swift in Sources */,
				75BCF453282E27990066B22D /* Activity.swift in Sources */,
			);
			runOnlyForDeploymentPostprocessing = 0;
		};
		7526AFFA27FA70B2009C5FE8 /* Sources */ = {
			isa = PBXSourcesBuildPhase;
			buildActionMask = 2147483647;
			files = (
				757A80D42822620F00700990 /* LocalImageTests.swift in Sources */,
				75D0914227FBDBA80037798C /* LocalCardsTests.swift in Sources */,
				759B175A28501C40006E8BB1 /* EvolvedWithTextTests.swift in Sources */,
				756A68D027FD484C00B76CCD /* QRViewControllerTests.swift in Sources */,
			);
			runOnlyForDeploymentPostprocessing = 0;
		};
		7526B00427FA70B2009C5FE8 /* Sources */ = {
			isa = PBXSourcesBuildPhase;
			buildActionMask = 2147483647;
			files = (
				7526B00D27FA70B2009C5FE8 /* QRCodeTarotUITests.swift in Sources */,
				7526B00F27FA70B2009C5FE8 /* QRCodeTarotUITestsLaunchTests.swift in Sources */,
			);
			runOnlyForDeploymentPostprocessing = 0;
		};
/* End PBXSourcesBuildPhase section */

/* Begin PBXTargetDependency section */
		7526B00027FA70B2009C5FE8 /* PBXTargetDependency */ = {
			isa = PBXTargetDependency;
			target = 7526AFE727FA70B0009C5FE8 /* QRCodeTarot */;
			targetProxy = 7526AFFF27FA70B2009C5FE8 /* PBXContainerItemProxy */;
		};
		7526B00A27FA70B2009C5FE8 /* PBXTargetDependency */ = {
			isa = PBXTargetDependency;
			target = 7526AFE727FA70B0009C5FE8 /* QRCodeTarot */;
			targetProxy = 7526B00927FA70B2009C5FE8 /* PBXContainerItemProxy */;
		};
/* End PBXTargetDependency section */

/* Begin PBXVariantGroup section */
		7526AFF127FA70B0009C5FE8 /* Main.storyboard */ = {
			isa = PBXVariantGroup;
			children = (
				7526AFF227FA70B0009C5FE8 /* Base */,
			);
			name = Main.storyboard;
			sourceTree = "<group>";
		};
		7526AFF627FA70B2009C5FE8 /* LaunchScreen.storyboard */ = {
			isa = PBXVariantGroup;
			children = (
				7526AFF727FA70B2009C5FE8 /* Base */,
			);
			name = LaunchScreen.storyboard;
			sourceTree = "<group>";
		};
/* End PBXVariantGroup section */

/* Begin XCBuildConfiguration section */
		7526B01027FA70B2009C5FE8 /* Debug */ = {
			isa = XCBuildConfiguration;
			buildSettings = {
				ALWAYS_SEARCH_USER_PATHS = NO;
				CLANG_ANALYZER_NONNULL = YES;
				CLANG_ANALYZER_NUMBER_OBJECT_CONVERSION = YES_AGGRESSIVE;
				CLANG_CXX_LANGUAGE_STANDARD = "gnu++17";
				CLANG_CXX_LIBRARY = "libc++";
				CLANG_ENABLE_MODULES = YES;
				CLANG_ENABLE_OBJC_ARC = YES;
				CLANG_ENABLE_OBJC_WEAK = YES;
				CLANG_WARN_BLOCK_CAPTURE_AUTORELEASING = YES;
				CLANG_WARN_BOOL_CONVERSION = YES;
				CLANG_WARN_COMMA = YES;
				CLANG_WARN_CONSTANT_CONVERSION = YES;
				CLANG_WARN_DEPRECATED_OBJC_IMPLEMENTATIONS = YES;
				CLANG_WARN_DIRECT_OBJC_ISA_USAGE = YES_ERROR;
				CLANG_WARN_DOCUMENTATION_COMMENTS = YES;
				CLANG_WARN_EMPTY_BODY = YES;
				CLANG_WARN_ENUM_CONVERSION = YES;
				CLANG_WARN_INFINITE_RECURSION = YES;
				CLANG_WARN_INT_CONVERSION = YES;
				CLANG_WARN_NON_LITERAL_NULL_CONVERSION = YES;
				CLANG_WARN_OBJC_IMPLICIT_RETAIN_SELF = YES;
				CLANG_WARN_OBJC_LITERAL_CONVERSION = YES;
				CLANG_WARN_OBJC_ROOT_CLASS = YES_ERROR;
				CLANG_WARN_QUOTED_INCLUDE_IN_FRAMEWORK_HEADER = YES;
				CLANG_WARN_RANGE_LOOP_ANALYSIS = YES;
				CLANG_WARN_STRICT_PROTOTYPES = YES;
				CLANG_WARN_SUSPICIOUS_MOVE = YES;
				CLANG_WARN_UNGUARDED_AVAILABILITY = YES_AGGRESSIVE;
				CLANG_WARN_UNREACHABLE_CODE = YES;
				CLANG_WARN__DUPLICATE_METHOD_MATCH = YES;
				COPY_PHASE_STRIP = NO;
				DEBUG_INFORMATION_FORMAT = dwarf;
				ENABLE_STRICT_OBJC_MSGSEND = YES;
				ENABLE_TESTABILITY = YES;
				GCC_C_LANGUAGE_STANDARD = gnu11;
				GCC_DYNAMIC_NO_PIC = NO;
				GCC_NO_COMMON_BLOCKS = YES;
				GCC_OPTIMIZATION_LEVEL = 0;
				GCC_PREPROCESSOR_DEFINITIONS = (
					"DEBUG=1",
					"$(inherited)",
				);
				GCC_WARN_64_TO_32_BIT_CONVERSION = YES;
				GCC_WARN_ABOUT_RETURN_TYPE = YES_ERROR;
				GCC_WARN_UNDECLARED_SELECTOR = YES;
				GCC_WARN_UNINITIALIZED_AUTOS = YES_AGGRESSIVE;
				GCC_WARN_UNUSED_FUNCTION = YES;
				GCC_WARN_UNUSED_VARIABLE = YES;
				IPHONEOS_DEPLOYMENT_TARGET = 15.2;
				MTL_ENABLE_DEBUG_INFO = INCLUDE_SOURCE;
				MTL_FAST_MATH = YES;
				ONLY_ACTIVE_ARCH = YES;
				SDKROOT = iphoneos;
				SWIFT_ACTIVE_COMPILATION_CONDITIONS = DEBUG;
				SWIFT_OPTIMIZATION_LEVEL = "-Onone";
			};
			name = Debug;
		};
		7526B01127FA70B2009C5FE8 /* Release */ = {
			isa = XCBuildConfiguration;
			buildSettings = {
				ALWAYS_SEARCH_USER_PATHS = NO;
				CLANG_ANALYZER_NONNULL = YES;
				CLANG_ANALYZER_NUMBER_OBJECT_CONVERSION = YES_AGGRESSIVE;
				CLANG_CXX_LANGUAGE_STANDARD = "gnu++17";
				CLANG_CXX_LIBRARY = "libc++";
				CLANG_ENABLE_MODULES = YES;
				CLANG_ENABLE_OBJC_ARC = YES;
				CLANG_ENABLE_OBJC_WEAK = YES;
				CLANG_WARN_BLOCK_CAPTURE_AUTORELEASING = YES;
				CLANG_WARN_BOOL_CONVERSION = YES;
				CLANG_WARN_COMMA = YES;
				CLANG_WARN_CONSTANT_CONVERSION = YES;
				CLANG_WARN_DEPRECATED_OBJC_IMPLEMENTATIONS = YES;
				CLANG_WARN_DIRECT_OBJC_ISA_USAGE = YES_ERROR;
				CLANG_WARN_DOCUMENTATION_COMMENTS = YES;
				CLANG_WARN_EMPTY_BODY = YES;
				CLANG_WARN_ENUM_CONVERSION = YES;
				CLANG_WARN_INFINITE_RECURSION = YES;
				CLANG_WARN_INT_CONVERSION = YES;
				CLANG_WARN_NON_LITERAL_NULL_CONVERSION = YES;
				CLANG_WARN_OBJC_IMPLICIT_RETAIN_SELF = YES;
				CLANG_WARN_OBJC_LITERAL_CONVERSION = YES;
				CLANG_WARN_OBJC_ROOT_CLASS = YES_ERROR;
				CLANG_WARN_QUOTED_INCLUDE_IN_FRAMEWORK_HEADER = YES;
				CLANG_WARN_RANGE_LOOP_ANALYSIS = YES;
				CLANG_WARN_STRICT_PROTOTYPES = YES;
				CLANG_WARN_SUSPICIOUS_MOVE = YES;
				CLANG_WARN_UNGUARDED_AVAILABILITY = YES_AGGRESSIVE;
				CLANG_WARN_UNREACHABLE_CODE = YES;
				CLANG_WARN__DUPLICATE_METHOD_MATCH = YES;
				COPY_PHASE_STRIP = NO;
				DEBUG_INFORMATION_FORMAT = "dwarf-with-dsym";
				ENABLE_NS_ASSERTIONS = NO;
				ENABLE_STRICT_OBJC_MSGSEND = YES;
				GCC_C_LANGUAGE_STANDARD = gnu11;
				GCC_NO_COMMON_BLOCKS = YES;
				GCC_WARN_64_TO_32_BIT_CONVERSION = YES;
				GCC_WARN_ABOUT_RETURN_TYPE = YES_ERROR;
				GCC_WARN_UNDECLARED_SELECTOR = YES;
				GCC_WARN_UNINITIALIZED_AUTOS = YES_AGGRESSIVE;
				GCC_WARN_UNUSED_FUNCTION = YES;
				GCC_WARN_UNUSED_VARIABLE = YES;
				IPHONEOS_DEPLOYMENT_TARGET = 15.2;
				MTL_ENABLE_DEBUG_INFO = NO;
				MTL_FAST_MATH = YES;
				SDKROOT = iphoneos;
				SWIFT_COMPILATION_MODE = wholemodule;
				SWIFT_OPTIMIZATION_LEVEL = "-O";
				VALIDATE_PRODUCT = YES;
			};
			name = Release;
		};
		7526B01327FA70B2009C5FE8 /* Debug */ = {
			isa = XCBuildConfiguration;
			buildSettings = {
				ASSETCATALOG_COMPILER_APPICON_NAME = AppIcon;
				ASSETCATALOG_COMPILER_GLOBAL_ACCENT_COLOR_NAME = AccentColor;
				CODE_SIGN_STYLE = Automatic;
				CURRENT_PROJECT_VERSION = 1;
				DEVELOPMENT_TEAM = 8L7Z3WU967;
				GENERATE_INFOPLIST_FILE = YES;
				INFOPLIST_FILE = QRCodeTarot/Info.plist;
				INFOPLIST_KEY_NSCameraUsageDescription = "The camera is needed to scan QR codes";
				INFOPLIST_KEY_UIApplicationSupportsIndirectInputEvents = YES;
				INFOPLIST_KEY_UILaunchStoryboardName = LaunchScreen;
				INFOPLIST_KEY_UIMainStoryboardFile = Main;
				INFOPLIST_KEY_UISupportedInterfaceOrientations = "UIInterfaceOrientationPortrait UIInterfaceOrientationPortraitUpsideDown";
				INFOPLIST_KEY_UISupportedInterfaceOrientations_iPad = "UIInterfaceOrientationPortrait UIInterfaceOrientationPortraitUpsideDown UIInterfaceOrientationLandscapeLeft UIInterfaceOrientationLandscapeRight";
				INFOPLIST_KEY_UISupportedInterfaceOrientations_iPhone = "UIInterfaceOrientationPortrait UIInterfaceOrientationLandscapeLeft UIInterfaceOrientationLandscapeRight";
				LD_RUNPATH_SEARCH_PATHS = (
					"$(inherited)",
					"@executable_path/Frameworks",
				);
				MARKETING_VERSION = 1.0.1;
				PRODUCT_BUNDLE_IDENTIFIER = com.QRCodeTarot;
				PRODUCT_NAME = "Pointy Hat Tarot";
				SWIFT_EMIT_LOC_STRINGS = YES;
				SWIFT_VERSION = 5.0;
				TARGETED_DEVICE_FAMILY = "1,2";
			};
			name = Debug;
		};
		7526B01427FA70B2009C5FE8 /* Release */ = {
			isa = XCBuildConfiguration;
			buildSettings = {
				ASSETCATALOG_COMPILER_APPICON_NAME = AppIcon;
				ASSETCATALOG_COMPILER_GLOBAL_ACCENT_COLOR_NAME = AccentColor;
				CODE_SIGN_STYLE = Automatic;
				CURRENT_PROJECT_VERSION = 1;
				DEVELOPMENT_TEAM = 8L7Z3WU967;
				GENERATE_INFOPLIST_FILE = YES;
				INFOPLIST_FILE = QRCodeTarot/Info.plist;
				INFOPLIST_KEY_NSCameraUsageDescription = "The camera is needed to scan QR codes";
				INFOPLIST_KEY_UIApplicationSupportsIndirectInputEvents = YES;
				INFOPLIST_KEY_UILaunchStoryboardName = LaunchScreen;
				INFOPLIST_KEY_UIMainStoryboardFile = Main;
				INFOPLIST_KEY_UISupportedInterfaceOrientations = "UIInterfaceOrientationPortrait UIInterfaceOrientationPortraitUpsideDown";
				INFOPLIST_KEY_UISupportedInterfaceOrientations_iPad = "UIInterfaceOrientationPortrait UIInterfaceOrientationPortraitUpsideDown UIInterfaceOrientationLandscapeLeft UIInterfaceOrientationLandscapeRight";
				INFOPLIST_KEY_UISupportedInterfaceOrientations_iPhone = "UIInterfaceOrientationPortrait UIInterfaceOrientationLandscapeLeft UIInterfaceOrientationLandscapeRight";
				LD_RUNPATH_SEARCH_PATHS = (
					"$(inherited)",
					"@executable_path/Frameworks",
				);
				MARKETING_VERSION = 1.0.1;
				PRODUCT_BUNDLE_IDENTIFIER = com.QRCodeTarot;
				PRODUCT_NAME = "Pointy Hat Tarot";
				SWIFT_EMIT_LOC_STRINGS = YES;
				SWIFT_VERSION = 5.0;
				TARGETED_DEVICE_FAMILY = "1,2";
			};
			name = Release;
		};
		7526B01627FA70B2009C5FE8 /* Debug */ = {
			isa = XCBuildConfiguration;
			buildSettings = {
				ALWAYS_EMBED_SWIFT_STANDARD_LIBRARIES = YES;
				BUNDLE_LOADER = "$(TEST_HOST)";
				CODE_SIGN_STYLE = Automatic;
				CURRENT_PROJECT_VERSION = 1;
				DEVELOPMENT_TEAM = 8L7Z3WU967;
				GENERATE_INFOPLIST_FILE = YES;
				IPHONEOS_DEPLOYMENT_TARGET = 15.2;
				MARKETING_VERSION = 1.0;
				PRODUCT_BUNDLE_IDENTIFIER = com.QRCodeTarotTests;
				PRODUCT_NAME = "$(TARGET_NAME)";
				SWIFT_EMIT_LOC_STRINGS = NO;
				SWIFT_VERSION = 5.0;
				TARGETED_DEVICE_FAMILY = "1,2";
				TEST_HOST = "$(BUILT_PRODUCTS_DIR)/QRCodeTarot.app/QRCodeTarot";
			};
			name = Debug;
		};
		7526B01727FA70B2009C5FE8 /* Release */ = {
			isa = XCBuildConfiguration;
			buildSettings = {
				ALWAYS_EMBED_SWIFT_STANDARD_LIBRARIES = YES;
				BUNDLE_LOADER = "$(TEST_HOST)";
				CODE_SIGN_STYLE = Automatic;
				CURRENT_PROJECT_VERSION = 1;
				DEVELOPMENT_TEAM = 8L7Z3WU967;
				GENERATE_INFOPLIST_FILE = YES;
				IPHONEOS_DEPLOYMENT_TARGET = 15.2;
				MARKETING_VERSION = 1.0;
				PRODUCT_BUNDLE_IDENTIFIER = com.QRCodeTarotTests;
				PRODUCT_NAME = "$(TARGET_NAME)";
				SWIFT_EMIT_LOC_STRINGS = NO;
				SWIFT_VERSION = 5.0;
				TARGETED_DEVICE_FAMILY = "1,2";
				TEST_HOST = "$(BUILT_PRODUCTS_DIR)/QRCodeTarot.app/QRCodeTarot";
			};
			name = Release;
		};
		7526B01927FA70B2009C5FE8 /* Debug */ = {
			isa = XCBuildConfiguration;
			buildSettings = {
				ALWAYS_EMBED_SWIFT_STANDARD_LIBRARIES = YES;
				CODE_SIGN_STYLE = Automatic;
				CURRENT_PROJECT_VERSION = 1;
				DEVELOPMENT_TEAM = 8L7Z3WU967;
				GENERATE_INFOPLIST_FILE = YES;
				MARKETING_VERSION = 1.0;
				PRODUCT_BUNDLE_IDENTIFIER = com.QRCodeTarotUITests;
				PRODUCT_NAME = "$(TARGET_NAME)";
				SWIFT_EMIT_LOC_STRINGS = NO;
				SWIFT_VERSION = 5.0;
				TARGETED_DEVICE_FAMILY = "1,2";
				TEST_TARGET_NAME = QRCodeTarot;
			};
			name = Debug;
		};
		7526B01A27FA70B2009C5FE8 /* Release */ = {
			isa = XCBuildConfiguration;
			buildSettings = {
				ALWAYS_EMBED_SWIFT_STANDARD_LIBRARIES = YES;
				CODE_SIGN_STYLE = Automatic;
				CURRENT_PROJECT_VERSION = 1;
				DEVELOPMENT_TEAM = 8L7Z3WU967;
				GENERATE_INFOPLIST_FILE = YES;
				MARKETING_VERSION = 1.0;
				PRODUCT_BUNDLE_IDENTIFIER = com.QRCodeTarotUITests;
				PRODUCT_NAME = "$(TARGET_NAME)";
				SWIFT_EMIT_LOC_STRINGS = NO;
				SWIFT_VERSION = 5.0;
				TARGETED_DEVICE_FAMILY = "1,2";
				TEST_TARGET_NAME = QRCodeTarot;
			};
			name = Release;
		};
/* End XCBuildConfiguration section */

/* Begin XCConfigurationList section */
		7526AFE327FA70B0009C5FE8 /* Build configuration list for PBXProject "QRCodeTarot" */ = {
			isa = XCConfigurationList;
			buildConfigurations = (
				7526B01027FA70B2009C5FE8 /* Debug */,
				7526B01127FA70B2009C5FE8 /* Release */,
			);
			defaultConfigurationIsVisible = 0;
			defaultConfigurationName = Release;
		};
		7526B01227FA70B2009C5FE8 /* Build configuration list for PBXNativeTarget "QRCodeTarot" */ = {
			isa = XCConfigurationList;
			buildConfigurations = (
				7526B01327FA70B2009C5FE8 /* Debug */,
				7526B01427FA70B2009C5FE8 /* Release */,
			);
			defaultConfigurationIsVisible = 0;
			defaultConfigurationName = Release;
		};
		7526B01527FA70B2009C5FE8 /* Build configuration list for PBXNativeTarget "QRCodeTarotTests" */ = {
			isa = XCConfigurationList;
			buildConfigurations = (
				7526B01627FA70B2009C5FE8 /* Debug */,
				7526B01727FA70B2009C5FE8 /* Release */,
			);
			defaultConfigurationIsVisible = 0;
			defaultConfigurationName = Release;
		};
		7526B01827FA70B2009C5FE8 /* Build configuration list for PBXNativeTarget "QRCodeTarotUITests" */ = {
			isa = XCConfigurationList;
			buildConfigurations = (
				7526B01927FA70B2009C5FE8 /* Debug */,
				7526B01A27FA70B2009C5FE8 /* Release */,
			);
			defaultConfigurationIsVisible = 0;
			defaultConfigurationName = Release;
		};
/* End XCConfigurationList section */

/* Begin XCRemoteSwiftPackageReference section */
		753E4FC42835E6A60008623F /* XCRemoteSwiftPackageReference "CommonExtensions" */ = {
			isa = XCRemoteSwiftPackageReference;
			repositoryURL = "https://github.com/ElevatedUnderdogs/CommonExtensions.git";
			requirement = {
				branch = main;
				kind = branch;
			};
		};
		753E4FC72835E6B80008623F /* XCRemoteSwiftPackageReference "CommonUIKitExtensions" */ = {
			isa = XCRemoteSwiftPackageReference;
			repositoryURL = "https://github.com/ElevatedUnderdogs/CommonUIKitExtensions.git";
			requirement = {
				kind = upToNextMajorVersion;
				minimumVersion = 0.2.2;
			};
		};
		757EF6662808DFB3000685FC /* XCRemoteSwiftPackageReference "TableMVVM" */ = {
			isa = XCRemoteSwiftPackageReference;
			repositoryURL = "https://github.com/ElevatedUnderdogs/TableMVVM.git";
			requirement = {
				kind = upToNextMinorVersion;
				minimumVersion = 2.2.2;
			};
		};
		75D0912727FA84EB0037798C /* XCRemoteSwiftPackageReference "QRCodeReader.swift" */ = {
			isa = XCRemoteSwiftPackageReference;
			repositoryURL = "https://github.com/yannickl/QRCodeReader.swift.git";
			requirement = {
				kind = exactVersion;
				version = 10.1.1;
			};
		};
		75D0912A27FA9F5F0037798C /* XCRemoteSwiftPackageReference "Callable" */ = {
			isa = XCRemoteSwiftPackageReference;
			repositoryURL = "https://github.com/ElevatedUnderdogs/Callable.git";
			requirement = {
				kind = upToNextMajorVersion;
				minimumVersion = 1.0.0;
			};
		};
/* End XCRemoteSwiftPackageReference section */

/* Begin XCSwiftPackageProductDependency section */
		753E4FC52835E6A60008623F /* CommonExtensions */ = {
			isa = XCSwiftPackageProductDependency;
			package = 753E4FC42835E6A60008623F /* XCRemoteSwiftPackageReference "CommonExtensions" */;
			productName = CommonExtensions;
		};
		753E4FC82835E6B90008623F /* CommonUIKitExtensions */ = {
			isa = XCSwiftPackageProductDependency;
			package = 753E4FC72835E6B80008623F /* XCRemoteSwiftPackageReference "CommonUIKitExtensions" */;
			productName = CommonUIKitExtensions;
		};
		757EF6672808DFB3000685FC /* TableMVVM */ = {
			isa = XCSwiftPackageProductDependency;
			package = 757EF6662808DFB3000685FC /* XCRemoteSwiftPackageReference "TableMVVM" */;
			productName = TableMVVM;
		};
		75D0912827FA84EB0037798C /* QRCodeReader */ = {
			isa = XCSwiftPackageProductDependency;
			package = 75D0912727FA84EB0037798C /* XCRemoteSwiftPackageReference "QRCodeReader.swift" */;
			productName = QRCodeReader;
		};
		75D0912B27FA9F5F0037798C /* Callable */ = {
			isa = XCSwiftPackageProductDependency;
			package = 75D0912A27FA9F5F0037798C /* XCRemoteSwiftPackageReference "Callable" */;
			productName = Callable;
		};
/* End XCSwiftPackageProductDependency section */
	};
	rootObject = 7526AFE027FA70B0009C5FE8 /* Project object */;
}
